<?xml version="1.0" encoding="utf-8"?>
<Project ToolsVersion="4.0" xmlns="http://schemas.microsoft.com/developer/msbuild/2003">
  <ItemGroup>
    <ClCompile Include="class_module.cpp">
      <Filter>src</Filter>
    </ClCompile>
    <ClCompile Include="element_module.cpp">
      <Filter>src</Filter>
    </ClCompile>
    <ClCompile Include="myrc4.cpp">
      <Filter>src</Filter>
    </ClCompile>
    <ClCompile Include="config.cpp">
      <Filter>src</Filter>
    </ClCompile>
  </ItemGroup>
  <ItemGroup>
    <ClInclude Include="class_module.h">
      <Filter>header</Filter>
    </ClInclude>
    <ClInclude Include="element_module.h">
      <Filter>header</Filter>
    </ClInclude>
    <ClInclude Include="myrc4.h">
      <Filter>header</Filter>
    </ClInclude>
    <ClInclude Include="config.h">
      <Filter>header</Filter>
    </ClInclude>
  </ItemGroup>
  <ItemGroup>
    <Filter Include="header">
      <UniqueIdentifier>{caf37339-6422-4512-95d0-3a24ff3755d4}</UniqueIdentifier>
    </Filter>
    <Filter Include="src">
      <UniqueIdentifier>{933c3204-99a1-4395-92e9-d02e39dc8a34}</UniqueIdentifier>
    </Filter>
  </ItemGroup>
  <ItemGroup>
    <Text Include="CMakeLists.txt" />
  </ItemGroup>
</Project>