
Microsoft Visual Studio Solution File, Format Version 12.00
# Visual Studio 15
VisualStudioVersion = 15.0.27703.2026
MinimumVisualStudioVersion = 10.0.40219.1
Project("{2150E333-8FDC-42A3-9474-1A3956D46DE8}") = "lib", "lib", "{09730B86-8C02-48EE-968F-3D828BCFCC89}"
EndProject
Project("{2150E333-8FDC-42A3-9474-1A3956D46DE8}") = "server", "server", "{F8347FC1-598C-4DCC-93AB-4F1A7D320DED}"
EndProject
Project("{2150E333-8FDC-42A3-9474-1A3956D46DE8}") = "dependencies", "dependencies", "{C1428ED5-49B0-402B-B2A7-33AB7272EEC0}"
EndProject
Project("{2150E333-8FDC-42A3-9474-1A3956D46DE8}") = "tools", "tools", "{DB9D5192-53B5-4D06-A113-C80E46913A2C}"
EndProject
Project("{8BC9CEB8-8B4A-11D0-8D11-00A0C91BC942}") = "genconfig", "src\tools\genconfig\genconfig.vcxproj", "{260DA4A9-0200-4CEC-941B-48A34BFF78EE}"
EndProject
Project("{8BC9CEB8-8B4A-11D0-8D11-00A0C91BC942}") = "hiredis", "src\dependencies\hiredis\hiredis_win\hiredis\msvc\hiredis.vcxproj", "{B45000FF-F17A-4F1C-89E5-14C513B20DC9}"
EndProject
Project("{8BC9CEB8-8B4A-11D0-8D11-00A0C91BC942}") = "gate_server", "src\server\gate\gate_server.vcxproj", "{66CB04CD-F4CE-4BD7-8EE7-00F308CD6AF4}"
	ProjectSection(ProjectDependencies) = postProject
		{731B0506-78DF-4EC0-9BAB-D0170B2E3042} = {731B0506-78DF-4EC0-9BAB-D0170B2E3042}
		{AC14361E-F8E0-4DA8-8B05-336CCDC29421} = {AC14361E-F8E0-4DA8-8B05-336CCDC29421}
		{71729E3F-15C1-4062-A294-46A4150D8AE1} = {71729E3F-15C1-4062-A294-46A4150D8AE1}
		{E123A260-4502-4E32-B2D9-8AE384E1541E} = {E123A260-4502-4E32-B2D9-8AE384E1541E}
		{4A613268-18A8-491F-B2CC-7E5253AC0BFB} = {4A613268-18A8-491F-B2CC-7E5253AC0BFB}
		{92DAAB6D-0E3C-41CD-9923-8C9D6398A54F} = {92DAAB6D-0E3C-41CD-9923-8C9D6398A54F}
		{EE7C187A-C32C-4569-B920-EC4FD1BFBE11} = {EE7C187A-C32C-4569-B920-EC4FD1BFBE11}
		{9B5B477B-13D7-41E2-A77A-7EA40F5F1C3F} = {9B5B477B-13D7-41E2-A77A-7EA40F5F1C3F}
		{0851AF88-D080-4BCC-BFFB-C9EAC91CDACF} = {0851AF88-D080-4BCC-BFFB-C9EAC91CDACF}
		{215C78AE-CE37-3921-97A6-EC3FA12D82A0} = {215C78AE-CE37-3921-97A6-EC3FA12D82A0}
		{B61182E7-743E-4B1C-BFDD-D0E807E85CD5} = {B61182E7-743E-4B1C-BFDD-D0E807E85CD5}
		{988EDCF9-6E17-4DC9-8915-6E4D1594C318} = {988EDCF9-6E17-4DC9-8915-6E4D1594C318}
		{B45000FF-F17A-4F1C-89E5-14C513B20DC9} = {B45000FF-F17A-4F1C-89E5-14C513B20DC9}
	EndProjectSection
EndProject
Project("{8BC9CEB8-8B4A-11D0-8D11-00A0C91BC942}") = "test_server", "src\server\test_server\test_server.vcxproj", "{D30238DF-7A30-4DD7-A09A-9D51C4004544}"
	ProjectSection(ProjectDependencies) = postProject
		{731B0506-78DF-4EC0-9BAB-D0170B2E3042} = {731B0506-78DF-4EC0-9BAB-D0170B2E3042}
		{AC14361E-F8E0-4DA8-8B05-336CCDC29421} = {AC14361E-F8E0-4DA8-8B05-336CCDC29421}
		{71729E3F-15C1-4062-A294-46A4150D8AE1} = {71729E3F-15C1-4062-A294-46A4150D8AE1}
		{E123A260-4502-4E32-B2D9-8AE384E1541E} = {E123A260-4502-4E32-B2D9-8AE384E1541E}
		{4A613268-18A8-491F-B2CC-7E5253AC0BFB} = {4A613268-18A8-491F-B2CC-7E5253AC0BFB}
		{92DAAB6D-0E3C-41CD-9923-8C9D6398A54F} = {92DAAB6D-0E3C-41CD-9923-8C9D6398A54F}
		{EE7C187A-C32C-4569-B920-EC4FD1BFBE11} = {EE7C187A-C32C-4569-B920-EC4FD1BFBE11}
		{9B5B477B-13D7-41E2-A77A-7EA40F5F1C3F} = {9B5B477B-13D7-41E2-A77A-7EA40F5F1C3F}
		{0851AF88-D080-4BCC-BFFB-C9EAC91CDACF} = {0851AF88-D080-4BCC-BFFB-C9EAC91CDACF}
		{215C78AE-CE37-3921-97A6-EC3FA12D82A0} = {215C78AE-CE37-3921-97A6-EC3FA12D82A0}
		{B61182E7-743E-4B1C-BFDD-D0E807E85CD5} = {B61182E7-743E-4B1C-BFDD-D0E807E85CD5}
		{988EDCF9-6E17-4DC9-8915-6E4D1594C318} = {988EDCF9-6E17-4DC9-8915-6E4D1594C318}
		{B45000FF-F17A-4F1C-89E5-14C513B20DC9} = {B45000FF-F17A-4F1C-89E5-14C513B20DC9}
	EndProjectSection
EndProject
Project("{888888A0-9F3D-457C-B088-3A5042F75D52}") = "pytest", "src\tools\pytest\pytest.pyproj", "{2AF47B0A-2F8F-4BD5-9CEE-DD6956B52551}"
EndProject
Project("{2150E333-8FDC-42A3-9474-1A3956D46DE8}") = "midware", "midware", "{FF4D9D0C-B0DE-4D3D-B33E-F467D78004CA}"
EndProject
Project("{8BC9CEB8-8B4A-11D0-8D11-00A0C91BC942}") = "cryptography", "src\midware\cryptography\cryptography.vcxproj", "{9BBA37AC-C9C2-4D21-B411-4F8A0448CDBA}"
EndProject
Project("{8BC9CEB8-8B4A-11D0-8D11-00A0C91BC942}") = "data_agent", "src\midware\data_agent\data_agent.vcxproj", "{CA91658C-4A6E-42CF-A3DD-A3AD542F6C3D}"
EndProject
Project("{8BC9CEB8-8B4A-11D0-8D11-00A0C91BC942}") = "base_code", "src\baselib\base_code\base_code.vcxproj", "{92DAAB6D-0E3C-41CD-9923-8C9D6398A54F}"
EndProject
Project("{8BC9CEB8-8B4A-11D0-8D11-00A0C91BC942}") = "config", "src\baselib\config\config.vcxproj", "{AC14361E-F8E0-4DA8-8B05-336CCDC29421}"
EndProject
Project("{8BC9CEB8-8B4A-11D0-8D11-00A0C91BC942}") = "component", "src\baselib\component\component.vcxproj", "{E123A260-4502-4E32-B2D9-8AE384E1541E}"
	ProjectSection(ProjectDependencies) = postProject
		{92DAAB6D-0E3C-41CD-9923-8C9D6398A54F} = {92DAAB6D-0E3C-41CD-9923-8C9D6398A54F}
		{B61182E7-743E-4B1C-BFDD-D0E807E85CD5} = {B61182E7-743E-4B1C-BFDD-D0E807E85CD5}
	EndProjectSection
EndProject
Project("{8BC9CEB8-8B4A-11D0-8D11-00A0C91BC942}") = "core", "src\baselib\core\core.vcxproj", "{EE7C187A-C32C-4569-B920-EC4FD1BFBE11}"
EndProject
Project("{8BC9CEB8-8B4A-11D0-8D11-00A0C91BC942}") = "db_mysql", "src\baselib\db_mysql\db_mysql.vcxproj", "{9B5B477B-13D7-41E2-A77A-7EA40F5F1C3F}"
	ProjectSection(ProjectDependencies) = postProject
		{92DAAB6D-0E3C-41CD-9923-8C9D6398A54F} = {92DAAB6D-0E3C-41CD-9923-8C9D6398A54F}
	EndProjectSection
EndProject
Project("{8BC9CEB8-8B4A-11D0-8D11-00A0C91BC942}") = "db_redis", "src\baselib\db_redis\db_redis.vcxproj", "{988EDCF9-6E17-4DC9-8915-6E4D1594C318}"
	ProjectSection(ProjectDependencies) = postProject
		{92DAAB6D-0E3C-41CD-9923-8C9D6398A54F} = {92DAAB6D-0E3C-41CD-9923-8C9D6398A54F}
	EndProjectSection
EndProject
Project("{8BC9CEB8-8B4A-11D0-8D11-00A0C91BC942}") = "http_lib", "src\baselib\http_lib\http_lib.vcxproj", "{F5CCE21F-C2A6-4DBF-880B-065CFEB9AA87}"
EndProject
Project("{8BC9CEB8-8B4A-11D0-8D11-00A0C91BC942}") = "kernel", "src\baselib\kernel\kernel.vcxproj", "{731B0506-78DF-4EC0-9BAB-D0170B2E3042}"
EndProject
Project("{8BC9CEB8-8B4A-11D0-8D11-00A0C91BC942}") = "libloader", "src\baselib\libloader\libloader.vcxproj", "{4A613268-18A8-491F-B2CC-7E5253AC0BFB}"
	ProjectSection(ProjectDependencies) = postProject
		{731B0506-78DF-4EC0-9BAB-D0170B2E3042} = {731B0506-78DF-4EC0-9BAB-D0170B2E3042}
		{AC14361E-F8E0-4DA8-8B05-336CCDC29421} = {AC14361E-F8E0-4DA8-8B05-336CCDC29421}
		{F5CCE21F-C2A6-4DBF-880B-065CFEB9AA87} = {F5CCE21F-C2A6-4DBF-880B-065CFEB9AA87}
		{71729E3F-15C1-4062-A294-46A4150D8AE1} = {71729E3F-15C1-4062-A294-46A4150D8AE1}
		{E123A260-4502-4E32-B2D9-8AE384E1541E} = {E123A260-4502-4E32-B2D9-8AE384E1541E}
		{92DAAB6D-0E3C-41CD-9923-8C9D6398A54F} = {92DAAB6D-0E3C-41CD-9923-8C9D6398A54F}
		{EE7C187A-C32C-4569-B920-EC4FD1BFBE11} = {EE7C187A-C32C-4569-B920-EC4FD1BFBE11}
		{9B5B477B-13D7-41E2-A77A-7EA40F5F1C3F} = {9B5B477B-13D7-41E2-A77A-7EA40F5F1C3F}
		{0851AF88-D080-4BCC-BFFB-C9EAC91CDACF} = {0851AF88-D080-4BCC-BFFB-C9EAC91CDACF}
		{CA91658C-4A6E-42CF-A3DD-A3AD542F6C3D} = {CA91658C-4A6E-42CF-A3DD-A3AD542F6C3D}
		{9BBA37AC-C9C2-4D21-B411-4F8A0448CDBA} = {9BBA37AC-C9C2-4D21-B411-4F8A0448CDBA}
		{215C78AE-CE37-3921-97A6-EC3FA12D82A0} = {215C78AE-CE37-3921-97A6-EC3FA12D82A0}
		{B61182E7-743E-4B1C-BFDD-D0E807E85CD5} = {B61182E7-743E-4B1C-BFDD-D0E807E85CD5}
		{988EDCF9-6E17-4DC9-8915-6E4D1594C318} = {988EDCF9-6E17-4DC9-8915-6E4D1594C318}
	EndProjectSection
EndProject
Project("{8BC9CEB8-8B4A-11D0-8D11-00A0C91BC942}") = "message", "src\baselib\message\message.vcxproj", "{0851AF88-D080-4BCC-BFFB-C9EAC91CDACF}"
	ProjectSection(ProjectDependencies) = postProject
		{731B0506-78DF-4EC0-9BAB-D0170B2E3042} = {731B0506-78DF-4EC0-9BAB-D0170B2E3042}
		{92DAAB6D-0E3C-41CD-9923-8C9D6398A54F} = {92DAAB6D-0E3C-41CD-9923-8C9D6398A54F}
		{EE7C187A-C32C-4569-B920-EC4FD1BFBE11} = {EE7C187A-C32C-4569-B920-EC4FD1BFBE11}
		{215C78AE-CE37-3921-97A6-EC3FA12D82A0} = {215C78AE-CE37-3921-97A6-EC3FA12D82A0}
		{B61182E7-743E-4B1C-BFDD-D0E807E85CD5} = {B61182E7-743E-4B1C-BFDD-D0E807E85CD5}
	EndProjectSection
EndProject
Project("{8BC9CEB8-8B4A-11D0-8D11-00A0C91BC942}") = "network", "src\baselib\network\network.vcxproj", "{B61182E7-743E-4B1C-BFDD-D0E807E85CD5}"
	ProjectSection(ProjectDependencies) = postProject
		{92DAAB6D-0E3C-41CD-9923-8C9D6398A54F} = {92DAAB6D-0E3C-41CD-9923-8C9D6398A54F}
	EndProjectSection
EndProject
Project("{2150E333-8FDC-42A3-9474-1A3956D46DE8}") = "gate", "gate", "{DDBF13D1-7934-4050-BA3D-A99D67242BBB}"
EndProject
Project("{2150E333-8FDC-42A3-9474-1A3956D46DE8}") = "test", "test", "{B04C6B84-AC4A-4AD2-8792-58D3D23B4B2B}"
EndProject
Project("{2150E333-8FDC-42A3-9474-1A3956D46DE8}") = "login", "login", "{B875CB74-9284-468F-9863-44F7D984B4ED}"
EndProject
Project("{2150E333-8FDC-42A3-9474-1A3956D46DE8}") = "game", "game", "{F0F22B99-BAA0-4AF5-8482-03F75A3269F9}"
EndProject
Project("{2150E333-8FDC-42A3-9474-1A3956D46DE8}") = "master", "master", "{AD34B4F6-CB1F-479B-86BD-E5AE225DF294}"
EndProject
Project("{2150E333-8FDC-42A3-9474-1A3956D46DE8}") = "world", "world", "{2DF96DB5-9036-4DC2-A5AB-FC4175E86F6B}"
EndProject
Project("{2150E333-8FDC-42A3-9474-1A3956D46DE8}") = "log", "log", "{05037D62-7AEA-441D-8A39-C45D4759C21D}"
EndProject
Project("{8BC9CEB8-8B4A-11D0-8D11-00A0C91BC942}") = "game_client_server", "src\server\game\game_client_server\game_client_server.vcxproj", "{E0B16BFA-D6A6-4599-803F-87B80B92F18A}"
	ProjectSection(ProjectDependencies) = postProject
		{731B0506-78DF-4EC0-9BAB-D0170B2E3042} = {731B0506-78DF-4EC0-9BAB-D0170B2E3042}
		{AC14361E-F8E0-4DA8-8B05-336CCDC29421} = {AC14361E-F8E0-4DA8-8B05-336CCDC29421}
		{71729E3F-15C1-4062-A294-46A4150D8AE1} = {71729E3F-15C1-4062-A294-46A4150D8AE1}
		{4A613268-18A8-491F-B2CC-7E5253AC0BFB} = {4A613268-18A8-491F-B2CC-7E5253AC0BFB}
		{92DAAB6D-0E3C-41CD-9923-8C9D6398A54F} = {92DAAB6D-0E3C-41CD-9923-8C9D6398A54F}
		{EE7C187A-C32C-4569-B920-EC4FD1BFBE11} = {EE7C187A-C32C-4569-B920-EC4FD1BFBE11}
		{0851AF88-D080-4BCC-BFFB-C9EAC91CDACF} = {0851AF88-D080-4BCC-BFFB-C9EAC91CDACF}
		{CA91658C-4A6E-42CF-A3DD-A3AD542F6C3D} = {CA91658C-4A6E-42CF-A3DD-A3AD542F6C3D}
		{215C78AE-CE37-3921-97A6-EC3FA12D82A0} = {215C78AE-CE37-3921-97A6-EC3FA12D82A0}
		{B61182E7-743E-4B1C-BFDD-D0E807E85CD5} = {B61182E7-743E-4B1C-BFDD-D0E807E85CD5}
		{988EDCF9-6E17-4DC9-8915-6E4D1594C318} = {988EDCF9-6E17-4DC9-8915-6E4D1594C318}
		{B45000FF-F17A-4F1C-89E5-14C513B20DC9} = {B45000FF-F17A-4F1C-89E5-14C513B20DC9}
	EndProjectSection
EndProject
Project("{8BC9CEB8-8B4A-11D0-8D11-00A0C91BC942}") = "game_cs_server", "src\server\game\game_cs_server\game_cs_server.vcxproj", "{587EE80D-F802-4547-AABE-320521050FBF}"
	ProjectSection(ProjectDependencies) = postProject
		{731B0506-78DF-4EC0-9BAB-D0170B2E3042} = {731B0506-78DF-4EC0-9BAB-D0170B2E3042}
		{AC14361E-F8E0-4DA8-8B05-336CCDC29421} = {AC14361E-F8E0-4DA8-8B05-336CCDC29421}
		{4C019F33-8AB0-4AAD-8394-8708BA0DF8B3} = {4C019F33-8AB0-4AAD-8394-8708BA0DF8B3}
		{71729E3F-15C1-4062-A294-46A4150D8AE1} = {71729E3F-15C1-4062-A294-46A4150D8AE1}
		{4A613268-18A8-491F-B2CC-7E5253AC0BFB} = {4A613268-18A8-491F-B2CC-7E5253AC0BFB}
		{92DAAB6D-0E3C-41CD-9923-8C9D6398A54F} = {92DAAB6D-0E3C-41CD-9923-8C9D6398A54F}
		{EE7C187A-C32C-4569-B920-EC4FD1BFBE11} = {EE7C187A-C32C-4569-B920-EC4FD1BFBE11}
		{0851AF88-D080-4BCC-BFFB-C9EAC91CDACF} = {0851AF88-D080-4BCC-BFFB-C9EAC91CDACF}
		{CA91658C-4A6E-42CF-A3DD-A3AD542F6C3D} = {CA91658C-4A6E-42CF-A3DD-A3AD542F6C3D}
		{215C78AE-CE37-3921-97A6-EC3FA12D82A0} = {215C78AE-CE37-3921-97A6-EC3FA12D82A0}
		{B61182E7-743E-4B1C-BFDD-D0E807E85CD5} = {B61182E7-743E-4B1C-BFDD-D0E807E85CD5}
		{988EDCF9-6E17-4DC9-8915-6E4D1594C318} = {988EDCF9-6E17-4DC9-8915-6E4D1594C318}
		{B45000FF-F17A-4F1C-89E5-14C513B20DC9} = {B45000FF-F17A-4F1C-89E5-14C513B20DC9}
	EndProjectSection
EndProject
Project("{8BC9CEB8-8B4A-11D0-8D11-00A0C91BC942}") = "log_ss_server", "src\server\log\log_ss_server\log_ss_server.vcxproj", "{C1C45FC5-6676-4F1D-ACF6-B56015F2F286}"
	ProjectSection(ProjectDependencies) = postProject
		{731B0506-78DF-4EC0-9BAB-D0170B2E3042} = {731B0506-78DF-4EC0-9BAB-D0170B2E3042}
		{AC14361E-F8E0-4DA8-8B05-336CCDC29421} = {AC14361E-F8E0-4DA8-8B05-336CCDC29421}
		{71729E3F-15C1-4062-A294-46A4150D8AE1} = {71729E3F-15C1-4062-A294-46A4150D8AE1}
		{4A613268-18A8-491F-B2CC-7E5253AC0BFB} = {4A613268-18A8-491F-B2CC-7E5253AC0BFB}
		{92DAAB6D-0E3C-41CD-9923-8C9D6398A54F} = {92DAAB6D-0E3C-41CD-9923-8C9D6398A54F}
		{EE7C187A-C32C-4569-B920-EC4FD1BFBE11} = {EE7C187A-C32C-4569-B920-EC4FD1BFBE11}
		{9B5B477B-13D7-41E2-A77A-7EA40F5F1C3F} = {9B5B477B-13D7-41E2-A77A-7EA40F5F1C3F}
		{0851AF88-D080-4BCC-BFFB-C9EAC91CDACF} = {0851AF88-D080-4BCC-BFFB-C9EAC91CDACF}
		{215C78AE-CE37-3921-97A6-EC3FA12D82A0} = {215C78AE-CE37-3921-97A6-EC3FA12D82A0}
		{B61182E7-743E-4B1C-BFDD-D0E807E85CD5} = {B61182E7-743E-4B1C-BFDD-D0E807E85CD5}
		{B45000FF-F17A-4F1C-89E5-14C513B20DC9} = {B45000FF-F17A-4F1C-89E5-14C513B20DC9}
	EndProjectSection
EndProject
Project("{8BC9CEB8-8B4A-11D0-8D11-00A0C91BC942}") = "master_ss_server", "src\server\master\master_ss_server\master_ss_server.vcxproj", "{D53932BD-72D3-44BF-8D54-8EC02D6C3BC2}"
	ProjectSection(ProjectDependencies) = postProject
		{731B0506-78DF-4EC0-9BAB-D0170B2E3042} = {731B0506-78DF-4EC0-9BAB-D0170B2E3042}
		{AC14361E-F8E0-4DA8-8B05-336CCDC29421} = {AC14361E-F8E0-4DA8-8B05-336CCDC29421}
		{71729E3F-15C1-4062-A294-46A4150D8AE1} = {71729E3F-15C1-4062-A294-46A4150D8AE1}
		{4A613268-18A8-491F-B2CC-7E5253AC0BFB} = {4A613268-18A8-491F-B2CC-7E5253AC0BFB}
		{92DAAB6D-0E3C-41CD-9923-8C9D6398A54F} = {92DAAB6D-0E3C-41CD-9923-8C9D6398A54F}
		{EE7C187A-C32C-4569-B920-EC4FD1BFBE11} = {EE7C187A-C32C-4569-B920-EC4FD1BFBE11}
		{0851AF88-D080-4BCC-BFFB-C9EAC91CDACF} = {0851AF88-D080-4BCC-BFFB-C9EAC91CDACF}
		{215C78AE-CE37-3921-97A6-EC3FA12D82A0} = {215C78AE-CE37-3921-97A6-EC3FA12D82A0}
		{B61182E7-743E-4B1C-BFDD-D0E807E85CD5} = {B61182E7-743E-4B1C-BFDD-D0E807E85CD5}
		{B45000FF-F17A-4F1C-89E5-14C513B20DC9} = {B45000FF-F17A-4F1C-89E5-14C513B20DC9}
	EndProjectSection
EndProject
Project("{8BC9CEB8-8B4A-11D0-8D11-00A0C91BC942}") = "world_ss_server", "src\server\world\world_ss_server\world_ss_server.vcxproj", "{B2428232-2A38-457F-9C61-06E9EBB01D1F}"
	ProjectSection(ProjectDependencies) = postProject
		{731B0506-78DF-4EC0-9BAB-D0170B2E3042} = {731B0506-78DF-4EC0-9BAB-D0170B2E3042}
		{AC14361E-F8E0-4DA8-8B05-336CCDC29421} = {AC14361E-F8E0-4DA8-8B05-336CCDC29421}
		{71729E3F-15C1-4062-A294-46A4150D8AE1} = {71729E3F-15C1-4062-A294-46A4150D8AE1}
		{4A613268-18A8-491F-B2CC-7E5253AC0BFB} = {4A613268-18A8-491F-B2CC-7E5253AC0BFB}
		{92DAAB6D-0E3C-41CD-9923-8C9D6398A54F} = {92DAAB6D-0E3C-41CD-9923-8C9D6398A54F}
		{EE7C187A-C32C-4569-B920-EC4FD1BFBE11} = {EE7C187A-C32C-4569-B920-EC4FD1BFBE11}
		{0851AF88-D080-4BCC-BFFB-C9EAC91CDACF} = {0851AF88-D080-4BCC-BFFB-C9EAC91CDACF}
		{215C78AE-CE37-3921-97A6-EC3FA12D82A0} = {215C78AE-CE37-3921-97A6-EC3FA12D82A0}
		{B61182E7-743E-4B1C-BFDD-D0E807E85CD5} = {B61182E7-743E-4B1C-BFDD-D0E807E85CD5}
		{988EDCF9-6E17-4DC9-8915-6E4D1594C318} = {988EDCF9-6E17-4DC9-8915-6E4D1594C318}
		{B45000FF-F17A-4F1C-89E5-14C513B20DC9} = {B45000FF-F17A-4F1C-89E5-14C513B20DC9}
	EndProjectSection
EndProject
Project("{8BC9CEB8-8B4A-11D0-8D11-00A0C91BC942}") = "login_client_server", "src\server\login\login_client_server\login_client_server.vcxproj", "{4C019F33-8AB0-4AAD-8394-8708BA0DF8B3}"
	ProjectSection(ProjectDependencies) = postProject
		{731B0506-78DF-4EC0-9BAB-D0170B2E3042} = {731B0506-78DF-4EC0-9BAB-D0170B2E3042}
		{AC14361E-F8E0-4DA8-8B05-336CCDC29421} = {AC14361E-F8E0-4DA8-8B05-336CCDC29421}
		{71729E3F-15C1-4062-A294-46A4150D8AE1} = {71729E3F-15C1-4062-A294-46A4150D8AE1}
		{4A613268-18A8-491F-B2CC-7E5253AC0BFB} = {4A613268-18A8-491F-B2CC-7E5253AC0BFB}
		{92DAAB6D-0E3C-41CD-9923-8C9D6398A54F} = {92DAAB6D-0E3C-41CD-9923-8C9D6398A54F}
		{EE7C187A-C32C-4569-B920-EC4FD1BFBE11} = {EE7C187A-C32C-4569-B920-EC4FD1BFBE11}
		{0851AF88-D080-4BCC-BFFB-C9EAC91CDACF} = {0851AF88-D080-4BCC-BFFB-C9EAC91CDACF}
		{CA91658C-4A6E-42CF-A3DD-A3AD542F6C3D} = {CA91658C-4A6E-42CF-A3DD-A3AD542F6C3D}
		{9BBA37AC-C9C2-4D21-B411-4F8A0448CDBA} = {9BBA37AC-C9C2-4D21-B411-4F8A0448CDBA}
		{215C78AE-CE37-3921-97A6-EC3FA12D82A0} = {215C78AE-CE37-3921-97A6-EC3FA12D82A0}
		{B61182E7-743E-4B1C-BFDD-D0E807E85CD5} = {B61182E7-743E-4B1C-BFDD-D0E807E85CD5}
		{988EDCF9-6E17-4DC9-8915-6E4D1594C318} = {988EDCF9-6E17-4DC9-8915-6E4D1594C318}
		{B45000FF-F17A-4F1C-89E5-14C513B20DC9} = {B45000FF-F17A-4F1C-89E5-14C513B20DC9}
	EndProjectSection
EndProject
Project("{8BC9CEB8-8B4A-11D0-8D11-00A0C91BC942}") = "login_cs_server", "src\server\login\login_cs_server\login_cs_server.vcxproj", "{A452E0B9-ECDE-4DD0-BCAC-CA38BBBDA48D}"
	ProjectSection(ProjectDependencies) = postProject
		{731B0506-78DF-4EC0-9BAB-D0170B2E3042} = {731B0506-78DF-4EC0-9BAB-D0170B2E3042}
		{AC14361E-F8E0-4DA8-8B05-336CCDC29421} = {AC14361E-F8E0-4DA8-8B05-336CCDC29421}
		{F5CCE21F-C2A6-4DBF-880B-065CFEB9AA87} = {F5CCE21F-C2A6-4DBF-880B-065CFEB9AA87}
		{4C019F33-8AB0-4AAD-8394-8708BA0DF8B3} = {4C019F33-8AB0-4AAD-8394-8708BA0DF8B3}
		{71729E3F-15C1-4062-A294-46A4150D8AE1} = {71729E3F-15C1-4062-A294-46A4150D8AE1}
		{4A613268-18A8-491F-B2CC-7E5253AC0BFB} = {4A613268-18A8-491F-B2CC-7E5253AC0BFB}
		{92DAAB6D-0E3C-41CD-9923-8C9D6398A54F} = {92DAAB6D-0E3C-41CD-9923-8C9D6398A54F}
		{EE7C187A-C32C-4569-B920-EC4FD1BFBE11} = {EE7C187A-C32C-4569-B920-EC4FD1BFBE11}
		{0851AF88-D080-4BCC-BFFB-C9EAC91CDACF} = {0851AF88-D080-4BCC-BFFB-C9EAC91CDACF}
		{CA91658C-4A6E-42CF-A3DD-A3AD542F6C3D} = {CA91658C-4A6E-42CF-A3DD-A3AD542F6C3D}
		{9BBA37AC-C9C2-4D21-B411-4F8A0448CDBA} = {9BBA37AC-C9C2-4D21-B411-4F8A0448CDBA}
		{215C78AE-CE37-3921-97A6-EC3FA12D82A0} = {215C78AE-CE37-3921-97A6-EC3FA12D82A0}
		{B61182E7-743E-4B1C-BFDD-D0E807E85CD5} = {B61182E7-743E-4B1C-BFDD-D0E807E85CD5}
		{988EDCF9-6E17-4DC9-8915-6E4D1594C318} = {988EDCF9-6E17-4DC9-8915-6E4D1594C318}
		{B45000FF-F17A-4F1C-89E5-14C513B20DC9} = {B45000FF-F17A-4F1C-89E5-14C513B20DC9}
	EndProjectSection
EndProject
Project("{8BC9CEB8-8B4A-11D0-8D11-00A0C91BC942}") = "example", "src\tools\example\example.vcxproj", "{8EB2D71F-BB1D-4BC9-86C0-78A1EE41F2A8}"
	ProjectSection(ProjectDependencies) = postProject
		{731B0506-78DF-4EC0-9BAB-D0170B2E3042} = {731B0506-78DF-4EC0-9BAB-D0170B2E3042}
		{AC14361E-F8E0-4DA8-8B05-336CCDC29421} = {AC14361E-F8E0-4DA8-8B05-336CCDC29421}
		{F5CCE21F-C2A6-4DBF-880B-065CFEB9AA87} = {F5CCE21F-C2A6-4DBF-880B-065CFEB9AA87}
		{71729E3F-15C1-4062-A294-46A4150D8AE1} = {71729E3F-15C1-4062-A294-46A4150D8AE1}
		{4A613268-18A8-491F-B2CC-7E5253AC0BFB} = {4A613268-18A8-491F-B2CC-7E5253AC0BFB}
		{92DAAB6D-0E3C-41CD-9923-8C9D6398A54F} = {92DAAB6D-0E3C-41CD-9923-8C9D6398A54F}
		{EE7C187A-C32C-4569-B920-EC4FD1BFBE11} = {EE7C187A-C32C-4569-B920-EC4FD1BFBE11}
		{9B5B477B-13D7-41E2-A77A-7EA40F5F1C3F} = {9B5B477B-13D7-41E2-A77A-7EA40F5F1C3F}
		{0851AF88-D080-4BCC-BFFB-C9EAC91CDACF} = {0851AF88-D080-4BCC-BFFB-C9EAC91CDACF}
		{215C78AE-CE37-3921-97A6-EC3FA12D82A0} = {215C78AE-CE37-3921-97A6-EC3FA12D82A0}
		{B61182E7-743E-4B1C-BFDD-D0E807E85CD5} = {B61182E7-743E-4B1C-BFDD-D0E807E85CD5}
		{988EDCF9-6E17-4DC9-8915-6E4D1594C318} = {988EDCF9-6E17-4DC9-8915-6E4D1594C318}
		{B45000FF-F17A-4F1C-89E5-14C513B20DC9} = {B45000FF-F17A-4F1C-89E5-14C513B20DC9}
	EndProjectSection
EndProject
Project("{8BC9CEB8-8B4A-11D0-8D11-00A0C91BC942}") = "log_lib", "src\baselib\log_lib\log_lib.vcxproj", "{71729E3F-15C1-4062-A294-46A4150D8AE1}"
EndProject
Project("{8BC9CEB8-8B4A-11D0-8D11-00A0C91BC942}") = "libprotobuf", "src\dependencies\protobuf-all-3.6.1\cmake\build\libprotobuf.vcxproj", "{215C78AE-CE37-3921-97A6-EC3FA12D82A0}"
EndProject
Global
	GlobalSection(SolutionConfigurationPlatforms) = preSolution
		Debug|Any CPU = Debug|Any CPU
		Debug|x64 = Debug|x64
		Debug|x86 = Debug|x86
		MinSizeRel|Any CPU = MinSizeRel|Any CPU
		MinSizeRel|x64 = MinSizeRel|x64
		MinSizeRel|x86 = MinSizeRel|x86
		Release|Any CPU = Release|Any CPU
		Release|x64 = Release|x64
		Release|x86 = Release|x86
		RelWithDebInfo|Any CPU = RelWithDebInfo|Any CPU
		RelWithDebInfo|x64 = RelWithDebInfo|x64
		RelWithDebInfo|x86 = RelWithDebInfo|x86
	EndGlobalSection
	GlobalSection(ProjectConfigurationPlatforms) = postSolution
		{260DA4A9-0200-4CEC-941B-48A34BFF78EE}.Debug|Any CPU.ActiveCfg = Debug|Win32
		{260DA4A9-0200-4CEC-941B-48A34BFF78EE}.Debug|x64.ActiveCfg = Debug|x64
		{260DA4A9-0200-4CEC-941B-48A34BFF78EE}.Debug|x64.Build.0 = Debug|x64
		{260DA4A9-0200-4CEC-941B-48A34BFF78EE}.Debug|x86.ActiveCfg = Debug|Win32
		{260DA4A9-0200-4CEC-941B-48A34BFF78EE}.Debug|x86.Build.0 = Debug|Win32
		{260DA4A9-0200-4CEC-941B-48A34BFF78EE}.MinSizeRel|Any CPU.ActiveCfg = Release|Win32
		{260DA4A9-0200-4CEC-941B-48A34BFF78EE}.MinSizeRel|Any CPU.Build.0 = Release|Win32
		{260DA4A9-0200-4CEC-941B-48A34BFF78EE}.MinSizeRel|x64.ActiveCfg = Release|x64
		{260DA4A9-0200-4CEC-941B-48A34BFF78EE}.MinSizeRel|x64.Build.0 = Release|x64
		{260DA4A9-0200-4CEC-941B-48A34BFF78EE}.MinSizeRel|x86.ActiveCfg = Release|Win32
		{260DA4A9-0200-4CEC-941B-48A34BFF78EE}.MinSizeRel|x86.Build.0 = Release|Win32
		{260DA4A9-0200-4CEC-941B-48A34BFF78EE}.Release|Any CPU.ActiveCfg = Release|Win32
		{260DA4A9-0200-4CEC-941B-48A34BFF78EE}.Release|x64.ActiveCfg = Release|x64
		{260DA4A9-0200-4CEC-941B-48A34BFF78EE}.Release|x64.Build.0 = Release|x64
		{260DA4A9-0200-4CEC-941B-48A34BFF78EE}.Release|x86.ActiveCfg = Release|Win32
		{260DA4A9-0200-4CEC-941B-48A34BFF78EE}.Release|x86.Build.0 = Release|Win32
		{260DA4A9-0200-4CEC-941B-48A34BFF78EE}.RelWithDebInfo|Any CPU.ActiveCfg = Release|Win32
		{260DA4A9-0200-4CEC-941B-48A34BFF78EE}.RelWithDebInfo|Any CPU.Build.0 = Release|Win32
		{260DA4A9-0200-4CEC-941B-48A34BFF78EE}.RelWithDebInfo|x64.ActiveCfg = Release|x64
		{260DA4A9-0200-4CEC-941B-48A34BFF78EE}.RelWithDebInfo|x64.Build.0 = Release|x64
		{260DA4A9-0200-4CEC-941B-48A34BFF78EE}.RelWithDebInfo|x86.ActiveCfg = Release|Win32
		{260DA4A9-0200-4CEC-941B-48A34BFF78EE}.RelWithDebInfo|x86.Build.0 = Release|Win32
		{B45000FF-F17A-4F1C-89E5-14C513B20DC9}.Debug|Any CPU.ActiveCfg = Debug|x64
		{B45000FF-F17A-4F1C-89E5-14C513B20DC9}.Debug|x64.ActiveCfg = Debug|x64
		{B45000FF-F17A-4F1C-89E5-14C513B20DC9}.Debug|x64.Build.0 = Debug|x64
		{B45000FF-F17A-4F1C-89E5-14C513B20DC9}.Debug|x86.ActiveCfg = Debug|x64
		{B45000FF-F17A-4F1C-89E5-14C513B20DC9}.MinSizeRel|Any CPU.ActiveCfg = Release|x64
		{B45000FF-F17A-4F1C-89E5-14C513B20DC9}.MinSizeRel|Any CPU.Build.0 = Release|x64
		{B45000FF-F17A-4F1C-89E5-14C513B20DC9}.MinSizeRel|x64.ActiveCfg = Release|x64
		{B45000FF-F17A-4F1C-89E5-14C513B20DC9}.MinSizeRel|x64.Build.0 = Release|x64
		{B45000FF-F17A-4F1C-89E5-14C513B20DC9}.MinSizeRel|x86.ActiveCfg = Release|x64
		{B45000FF-F17A-4F1C-89E5-14C513B20DC9}.MinSizeRel|x86.Build.0 = Release|x64
		{B45000FF-F17A-4F1C-89E5-14C513B20DC9}.Release|Any CPU.ActiveCfg = Release|x64
		{B45000FF-F17A-4F1C-89E5-14C513B20DC9}.Release|x64.ActiveCfg = Release|x64
		{B45000FF-F17A-4F1C-89E5-14C513B20DC9}.Release|x64.Build.0 = Release|x64
		{B45000FF-F17A-4F1C-89E5-14C513B20DC9}.Release|x86.ActiveCfg = Release|x64
		{B45000FF-F17A-4F1C-89E5-14C513B20DC9}.RelWithDebInfo|Any CPU.ActiveCfg = Release|x64
		{B45000FF-F17A-4F1C-89E5-14C513B20DC9}.RelWithDebInfo|Any CPU.Build.0 = Release|x64
		{B45000FF-F17A-4F1C-89E5-14C513B20DC9}.RelWithDebInfo|x64.ActiveCfg = Release|x64
		{B45000FF-F17A-4F1C-89E5-14C513B20DC9}.RelWithDebInfo|x64.Build.0 = Release|x64
		{B45000FF-F17A-4F1C-89E5-14C513B20DC9}.RelWithDebInfo|x86.ActiveCfg = Release|x64
		{B45000FF-F17A-4F1C-89E5-14C513B20DC9}.RelWithDebInfo|x86.Build.0 = Release|x64
		{66CB04CD-F4CE-4BD7-8EE7-00F308CD6AF4}.Debug|Any CPU.ActiveCfg = Debug|Win32
		{66CB04CD-F4CE-4BD7-8EE7-00F308CD6AF4}.Debug|x64.ActiveCfg = Debug|x64
		{66CB04CD-F4CE-4BD7-8EE7-00F308CD6AF4}.Debug|x64.Build.0 = Debug|x64
		{66CB04CD-F4CE-4BD7-8EE7-00F308CD6AF4}.Debug|x86.ActiveCfg = Debug|Win32
		{66CB04CD-F4CE-4BD7-8EE7-00F308CD6AF4}.Debug|x86.Build.0 = Debug|Win32
		{66CB04CD-F4CE-4BD7-8EE7-00F308CD6AF4}.MinSizeRel|Any CPU.ActiveCfg = Release|Win32
		{66CB04CD-F4CE-4BD7-8EE7-00F308CD6AF4}.MinSizeRel|Any CPU.Build.0 = Release|Win32
		{66CB04CD-F4CE-4BD7-8EE7-00F308CD6AF4}.MinSizeRel|x64.ActiveCfg = Release|x64
		{66CB04CD-F4CE-4BD7-8EE7-00F308CD6AF4}.MinSizeRel|x64.Build.0 = Release|x64
		{66CB04CD-F4CE-4BD7-8EE7-00F308CD6AF4}.MinSizeRel|x86.ActiveCfg = Release|Win32
		{66CB04CD-F4CE-4BD7-8EE7-00F308CD6AF4}.MinSizeRel|x86.Build.0 = Release|Win32
		{66CB04CD-F4CE-4BD7-8EE7-00F308CD6AF4}.Release|Any CPU.ActiveCfg = Release|Win32
		{66CB04CD-F4CE-4BD7-8EE7-00F308CD6AF4}.Release|x64.ActiveCfg = Release|x64
		{66CB04CD-F4CE-4BD7-8EE7-00F308CD6AF4}.Release|x64.Build.0 = Release|x64
		{66CB04CD-F4CE-4BD7-8EE7-00F308CD6AF4}.Release|x86.ActiveCfg = Release|Win32
		{66CB04CD-F4CE-4BD7-8EE7-00F308CD6AF4}.Release|x86.Build.0 = Release|Win32
		{66CB04CD-F4CE-4BD7-8EE7-00F308CD6AF4}.RelWithDebInfo|Any CPU.ActiveCfg = Release|Win32
		{66CB04CD-F4CE-4BD7-8EE7-00F308CD6AF4}.RelWithDebInfo|Any CPU.Build.0 = Release|Win32
		{66CB04CD-F4CE-4BD7-8EE7-00F308CD6AF4}.RelWithDebInfo|x64.ActiveCfg = Release|x64
		{66CB04CD-F4CE-4BD7-8EE7-00F308CD6AF4}.RelWithDebInfo|x64.Build.0 = Release|x64
		{66CB04CD-F4CE-4BD7-8EE7-00F308CD6AF4}.RelWithDebInfo|x86.ActiveCfg = Release|Win32
		{66CB04CD-F4CE-4BD7-8EE7-00F308CD6AF4}.RelWithDebInfo|x86.Build.0 = Release|Win32
		{D30238DF-7A30-4DD7-A09A-9D51C4004544}.Debug|Any CPU.ActiveCfg = Debug|Win32
		{D30238DF-7A30-4DD7-A09A-9D51C4004544}.Debug|x64.ActiveCfg = Debug|x64
		{D30238DF-7A30-4DD7-A09A-9D51C4004544}.Debug|x64.Build.0 = Debug|x64
		{D30238DF-7A30-4DD7-A09A-9D51C4004544}.Debug|x86.ActiveCfg = Debug|Win32
		{D30238DF-7A30-4DD7-A09A-9D51C4004544}.Debug|x86.Build.0 = Debug|Win32
		{D30238DF-7A30-4DD7-A09A-9D51C4004544}.MinSizeRel|Any CPU.ActiveCfg = Release|Win32
		{D30238DF-7A30-4DD7-A09A-9D51C4004544}.MinSizeRel|Any CPU.Build.0 = Release|Win32
		{D30238DF-7A30-4DD7-A09A-9D51C4004544}.MinSizeRel|x64.ActiveCfg = Release|x64
		{D30238DF-7A30-4DD7-A09A-9D51C4004544}.MinSizeRel|x64.Build.0 = Release|x64
		{D30238DF-7A30-4DD7-A09A-9D51C4004544}.MinSizeRel|x86.ActiveCfg = Release|Win32
		{D30238DF-7A30-4DD7-A09A-9D51C4004544}.MinSizeRel|x86.Build.0 = Release|Win32
		{D30238DF-7A30-4DD7-A09A-9D51C4004544}.Release|Any CPU.ActiveCfg = Release|Win32
		{D30238DF-7A30-4DD7-A09A-9D51C4004544}.Release|x64.ActiveCfg = Release|x64
		{D30238DF-7A30-4DD7-A09A-9D51C4004544}.Release|x64.Build.0 = Release|x64
		{D30238DF-7A30-4DD7-A09A-9D51C4004544}.Release|x86.ActiveCfg = Release|Win32
		{D30238DF-7A30-4DD7-A09A-9D51C4004544}.Release|x86.Build.0 = Release|Win32
		{D30238DF-7A30-4DD7-A09A-9D51C4004544}.RelWithDebInfo|Any CPU.ActiveCfg = Release|Win32
		{D30238DF-7A30-4DD7-A09A-9D51C4004544}.RelWithDebInfo|Any CPU.Build.0 = Release|Win32
		{D30238DF-7A30-4DD7-A09A-9D51C4004544}.RelWithDebInfo|x64.ActiveCfg = Release|x64
		{D30238DF-7A30-4DD7-A09A-9D51C4004544}.RelWithDebInfo|x64.Build.0 = Release|x64
		{D30238DF-7A30-4DD7-A09A-9D51C4004544}.RelWithDebInfo|x86.ActiveCfg = Release|Win32
		{D30238DF-7A30-4DD7-A09A-9D51C4004544}.RelWithDebInfo|x86.Build.0 = Release|Win32
		{2AF47B0A-2F8F-4BD5-9CEE-DD6956B52551}.Debug|Any CPU.ActiveCfg = Debug|Any CPU
		{2AF47B0A-2F8F-4BD5-9CEE-DD6956B52551}.Debug|x64.ActiveCfg = Debug|Any CPU
		{2AF47B0A-2F8F-4BD5-9CEE-DD6956B52551}.Debug|x86.ActiveCfg = Debug|Any CPU
		{2AF47B0A-2F8F-4BD5-9CEE-DD6956B52551}.MinSizeRel|Any CPU.ActiveCfg = Release|Any CPU
		{2AF47B0A-2F8F-4BD5-9CEE-DD6956B52551}.MinSizeRel|x64.ActiveCfg = Release|Any CPU
		{2AF47B0A-2F8F-4BD5-9CEE-DD6956B52551}.MinSizeRel|x86.ActiveCfg = Release|Any CPU
		{2AF47B0A-2F8F-4BD5-9CEE-DD6956B52551}.Release|Any CPU.ActiveCfg = Release|Any CPU
		{2AF47B0A-2F8F-4BD5-9CEE-DD6956B52551}.Release|x64.ActiveCfg = Release|Any CPU
		{2AF47B0A-2F8F-4BD5-9CEE-DD6956B52551}.Release|x86.ActiveCfg = Release|Any CPU
		{2AF47B0A-2F8F-4BD5-9CEE-DD6956B52551}.RelWithDebInfo|Any CPU.ActiveCfg = Release|Any CPU
		{2AF47B0A-2F8F-4BD5-9CEE-DD6956B52551}.RelWithDebInfo|x64.ActiveCfg = Release|Any CPU
		{2AF47B0A-2F8F-4BD5-9CEE-DD6956B52551}.RelWithDebInfo|x86.ActiveCfg = Release|Any CPU
		{9BBA37AC-C9C2-4D21-B411-4F8A0448CDBA}.Debug|Any CPU.ActiveCfg = Debug|Win32
		{9BBA37AC-C9C2-4D21-B411-4F8A0448CDBA}.Debug|x64.ActiveCfg = Debug|x64
		{9BBA37AC-C9C2-4D21-B411-4F8A0448CDBA}.Debug|x64.Build.0 = Debug|x64
		{9BBA37AC-C9C2-4D21-B411-4F8A0448CDBA}.Debug|x86.ActiveCfg = Debug|Win32
		{9BBA37AC-C9C2-4D21-B411-4F8A0448CDBA}.Debug|x86.Build.0 = Debug|Win32
		{9BBA37AC-C9C2-4D21-B411-4F8A0448CDBA}.MinSizeRel|Any CPU.ActiveCfg = Release|x64
		{9BBA37AC-C9C2-4D21-B411-4F8A0448CDBA}.MinSizeRel|Any CPU.Build.0 = Release|x64
		{9BBA37AC-C9C2-4D21-B411-4F8A0448CDBA}.MinSizeRel|x64.ActiveCfg = Release|x64
		{9BBA37AC-C9C2-4D21-B411-4F8A0448CDBA}.MinSizeRel|x64.Build.0 = Release|x64
		{9BBA37AC-C9C2-4D21-B411-4F8A0448CDBA}.MinSizeRel|x86.ActiveCfg = Release|Win32
		{9BBA37AC-C9C2-4D21-B411-4F8A0448CDBA}.MinSizeRel|x86.Build.0 = Release|Win32
		{9BBA37AC-C9C2-4D21-B411-4F8A0448CDBA}.Release|Any CPU.ActiveCfg = Release|Win32
		{9BBA37AC-C9C2-4D21-B411-4F8A0448CDBA}.Release|x64.ActiveCfg = Release|x64
		{9BBA37AC-C9C2-4D21-B411-4F8A0448CDBA}.Release|x64.Build.0 = Release|x64
		{9BBA37AC-C9C2-4D21-B411-4F8A0448CDBA}.Release|x86.ActiveCfg = Release|Win32
		{9BBA37AC-C9C2-4D21-B411-4F8A0448CDBA}.Release|x86.Build.0 = Release|Win32
		{9BBA37AC-C9C2-4D21-B411-4F8A0448CDBA}.RelWithDebInfo|Any CPU.ActiveCfg = Release|x64
		{9BBA37AC-C9C2-4D21-B411-4F8A0448CDBA}.RelWithDebInfo|Any CPU.Build.0 = Release|x64
		{9BBA37AC-C9C2-4D21-B411-4F8A0448CDBA}.RelWithDebInfo|x64.ActiveCfg = Release|x64
		{9BBA37AC-C9C2-4D21-B411-4F8A0448CDBA}.RelWithDebInfo|x64.Build.0 = Release|x64
		{9BBA37AC-C9C2-4D21-B411-4F8A0448CDBA}.RelWithDebInfo|x86.ActiveCfg = Release|Win32
		{9BBA37AC-C9C2-4D21-B411-4F8A0448CDBA}.RelWithDebInfo|x86.Build.0 = Release|Win32
		{CA91658C-4A6E-42CF-A3DD-A3AD542F6C3D}.Debug|Any CPU.ActiveCfg = Debug|Win32
		{CA91658C-4A6E-42CF-A3DD-A3AD542F6C3D}.Debug|x64.ActiveCfg = Debug|x64
		{CA91658C-4A6E-42CF-A3DD-A3AD542F6C3D}.Debug|x64.Build.0 = Debug|x64
		{CA91658C-4A6E-42CF-A3DD-A3AD542F6C3D}.Debug|x86.ActiveCfg = Debug|Win32
		{CA91658C-4A6E-42CF-A3DD-A3AD542F6C3D}.Debug|x86.Build.0 = Debug|Win32
		{CA91658C-4A6E-42CF-A3DD-A3AD542F6C3D}.MinSizeRel|Any CPU.ActiveCfg = Release|x64
		{CA91658C-4A6E-42CF-A3DD-A3AD542F6C3D}.MinSizeRel|Any CPU.Build.0 = Release|x64
		{CA91658C-4A6E-42CF-A3DD-A3AD542F6C3D}.MinSizeRel|x64.ActiveCfg = Release|x64
		{CA91658C-4A6E-42CF-A3DD-A3AD542F6C3D}.MinSizeRel|x64.Build.0 = Release|x64
		{CA91658C-4A6E-42CF-A3DD-A3AD542F6C3D}.MinSizeRel|x86.ActiveCfg = Release|Win32
		{CA91658C-4A6E-42CF-A3DD-A3AD542F6C3D}.MinSizeRel|x86.Build.0 = Release|Win32
		{CA91658C-4A6E-42CF-A3DD-A3AD542F6C3D}.Release|Any CPU.ActiveCfg = Release|Win32
		{CA91658C-4A6E-42CF-A3DD-A3AD542F6C3D}.Release|x64.ActiveCfg = Release|x64
		{CA91658C-4A6E-42CF-A3DD-A3AD542F6C3D}.Release|x64.Build.0 = Release|x64
		{CA91658C-4A6E-42CF-A3DD-A3AD542F6C3D}.Release|x86.ActiveCfg = Release|Win32
		{CA91658C-4A6E-42CF-A3DD-A3AD542F6C3D}.Release|x86.Build.0 = Release|Win32
		{CA91658C-4A6E-42CF-A3DD-A3AD542F6C3D}.RelWithDebInfo|Any CPU.ActiveCfg = Release|x64
		{CA91658C-4A6E-42CF-A3DD-A3AD542F6C3D}.RelWithDebInfo|Any CPU.Build.0 = Release|x64
		{CA91658C-4A6E-42CF-A3DD-A3AD542F6C3D}.RelWithDebInfo|x64.ActiveCfg = Release|x64
		{CA91658C-4A6E-42CF-A3DD-A3AD542F6C3D}.RelWithDebInfo|x64.Build.0 = Release|x64
		{CA91658C-4A6E-42CF-A3DD-A3AD542F6C3D}.RelWithDebInfo|x86.ActiveCfg = Release|Win32
		{CA91658C-4A6E-42CF-A3DD-A3AD542F6C3D}.RelWithDebInfo|x86.Build.0 = Release|Win32
		{92DAAB6D-0E3C-41CD-9923-8C9D6398A54F}.Debug|Any CPU.ActiveCfg = Debug|Win32
		{92DAAB6D-0E3C-41CD-9923-8C9D6398A54F}.Debug|x64.ActiveCfg = Debug|x64
		{92DAAB6D-0E3C-41CD-9923-8C9D6398A54F}.Debug|x64.Build.0 = Debug|x64
		{92DAAB6D-0E3C-41CD-9923-8C9D6398A54F}.Debug|x86.ActiveCfg = Debug|Win32
		{92DAAB6D-0E3C-41CD-9923-8C9D6398A54F}.Debug|x86.Build.0 = Debug|Win32
		{92DAAB6D-0E3C-41CD-9923-8C9D6398A54F}.MinSizeRel|Any CPU.ActiveCfg = Release|x64
		{92DAAB6D-0E3C-41CD-9923-8C9D6398A54F}.MinSizeRel|Any CPU.Build.0 = Release|x64
		{92DAAB6D-0E3C-41CD-9923-8C9D6398A54F}.MinSizeRel|x64.ActiveCfg = Release|x64
		{92DAAB6D-0E3C-41CD-9923-8C9D6398A54F}.MinSizeRel|x64.Build.0 = Release|x64
		{92DAAB6D-0E3C-41CD-9923-8C9D6398A54F}.MinSizeRel|x86.ActiveCfg = Release|Win32
		{92DAAB6D-0E3C-41CD-9923-8C9D6398A54F}.MinSizeRel|x86.Build.0 = Release|Win32
		{92DAAB6D-0E3C-41CD-9923-8C9D6398A54F}.Release|Any CPU.ActiveCfg = Release|Win32
		{92DAAB6D-0E3C-41CD-9923-8C9D6398A54F}.Release|x64.ActiveCfg = Release|x64
		{92DAAB6D-0E3C-41CD-9923-8C9D6398A54F}.Release|x64.Build.0 = Release|x64
		{92DAAB6D-0E3C-41CD-9923-8C9D6398A54F}.Release|x86.ActiveCfg = Release|Win32
		{92DAAB6D-0E3C-41CD-9923-8C9D6398A54F}.Release|x86.Build.0 = Release|Win32
		{92DAAB6D-0E3C-41CD-9923-8C9D6398A54F}.RelWithDebInfo|Any CPU.ActiveCfg = Release|x64
		{92DAAB6D-0E3C-41CD-9923-8C9D6398A54F}.RelWithDebInfo|Any CPU.Build.0 = Release|x64
		{92DAAB6D-0E3C-41CD-9923-8C9D6398A54F}.RelWithDebInfo|x64.ActiveCfg = Release|x64
		{92DAAB6D-0E3C-41CD-9923-8C9D6398A54F}.RelWithDebInfo|x64.Build.0 = Release|x64
		{92DAAB6D-0E3C-41CD-9923-8C9D6398A54F}.RelWithDebInfo|x86.ActiveCfg = Release|Win32
		{92DAAB6D-0E3C-41CD-9923-8C9D6398A54F}.RelWithDebInfo|x86.Build.0 = Release|Win32
		{AC14361E-F8E0-4DA8-8B05-336CCDC29421}.Debug|Any CPU.ActiveCfg = Debug|Win32
		{AC14361E-F8E0-4DA8-8B05-336CCDC29421}.Debug|x64.ActiveCfg = Debug|x64
		{AC14361E-F8E0-4DA8-8B05-336CCDC29421}.Debug|x64.Build.0 = Debug|x64
		{AC14361E-F8E0-4DA8-8B05-336CCDC29421}.Debug|x86.ActiveCfg = Debug|Win32
		{AC14361E-F8E0-4DA8-8B05-336CCDC29421}.Debug|x86.Build.0 = Debug|Win32
		{AC14361E-F8E0-4DA8-8B05-336CCDC29421}.MinSizeRel|Any CPU.ActiveCfg = Release|x64
		{AC14361E-F8E0-4DA8-8B05-336CCDC29421}.MinSizeRel|Any CPU.Build.0 = Release|x64
		{AC14361E-F8E0-4DA8-8B05-336CCDC29421}.MinSizeRel|x64.ActiveCfg = Release|x64
		{AC14361E-F8E0-4DA8-8B05-336CCDC29421}.MinSizeRel|x64.Build.0 = Release|x64
		{AC14361E-F8E0-4DA8-8B05-336CCDC29421}.MinSizeRel|x86.ActiveCfg = Release|Win32
		{AC14361E-F8E0-4DA8-8B05-336CCDC29421}.MinSizeRel|x86.Build.0 = Release|Win32
		{AC14361E-F8E0-4DA8-8B05-336CCDC29421}.Release|Any CPU.ActiveCfg = Release|Win32
		{AC14361E-F8E0-4DA8-8B05-336CCDC29421}.Release|x64.ActiveCfg = Release|x64
		{AC14361E-F8E0-4DA8-8B05-336CCDC29421}.Release|x64.Build.0 = Release|x64
		{AC14361E-F8E0-4DA8-8B05-336CCDC29421}.Release|x86.ActiveCfg = Release|Win32
		{AC14361E-F8E0-4DA8-8B05-336CCDC29421}.Release|x86.Build.0 = Release|Win32
		{AC14361E-F8E0-4DA8-8B05-336CCDC29421}.RelWithDebInfo|Any CPU.ActiveCfg = Release|x64
		{AC14361E-F8E0-4DA8-8B05-336CCDC29421}.RelWithDebInfo|Any CPU.Build.0 = Release|x64
		{AC14361E-F8E0-4DA8-8B05-336CCDC29421}.RelWithDebInfo|x64.ActiveCfg = Release|x64
		{AC14361E-F8E0-4DA8-8B05-336CCDC29421}.RelWithDebInfo|x64.Build.0 = Release|x64
		{AC14361E-F8E0-4DA8-8B05-336CCDC29421}.RelWithDebInfo|x86.ActiveCfg = Release|Win32
		{AC14361E-F8E0-4DA8-8B05-336CCDC29421}.RelWithDebInfo|x86.Build.0 = Release|Win32
		{E123A260-4502-4E32-B2D9-8AE384E1541E}.Debug|Any CPU.ActiveCfg = Debug|Win32
		{E123A260-4502-4E32-B2D9-8AE384E1541E}.Debug|x64.ActiveCfg = Debug|x64
		{E123A260-4502-4E32-B2D9-8AE384E1541E}.Debug|x64.Build.0 = Debug|x64
		{E123A260-4502-4E32-B2D9-8AE384E1541E}.Debug|x86.ActiveCfg = Debug|Win32
		{E123A260-4502-4E32-B2D9-8AE384E1541E}.Debug|x86.Build.0 = Debug|Win32
		{E123A260-4502-4E32-B2D9-8AE384E1541E}.MinSizeRel|Any CPU.ActiveCfg = Release|x64
		{E123A260-4502-4E32-B2D9-8AE384E1541E}.MinSizeRel|Any CPU.Build.0 = Release|x64
		{E123A260-4502-4E32-B2D9-8AE384E1541E}.MinSizeRel|x64.ActiveCfg = Release|x64
		{E123A260-4502-4E32-B2D9-8AE384E1541E}.MinSizeRel|x64.Build.0 = Release|x64
		{E123A260-4502-4E32-B2D9-8AE384E1541E}.MinSizeRel|x86.ActiveCfg = Release|Win32
		{E123A260-4502-4E32-B2D9-8AE384E1541E}.MinSizeRel|x86.Build.0 = Release|Win32
		{E123A260-4502-4E32-B2D9-8AE384E1541E}.Release|Any CPU.ActiveCfg = Release|Win32
		{E123A260-4502-4E32-B2D9-8AE384E1541E}.Release|x64.ActiveCfg = Release|x64
		{E123A260-4502-4E32-B2D9-8AE384E1541E}.Release|x64.Build.0 = Release|x64
		{E123A260-4502-4E32-B2D9-8AE384E1541E}.Release|x86.ActiveCfg = Release|Win32
		{E123A260-4502-4E32-B2D9-8AE384E1541E}.Release|x86.Build.0 = Release|Win32
		{E123A260-4502-4E32-B2D9-8AE384E1541E}.RelWithDebInfo|Any CPU.ActiveCfg = Release|x64
		{E123A260-4502-4E32-B2D9-8AE384E1541E}.RelWithDebInfo|Any CPU.Build.0 = Release|x64
		{E123A260-4502-4E32-B2D9-8AE384E1541E}.RelWithDebInfo|x64.ActiveCfg = Release|x64
		{E123A260-4502-4E32-B2D9-8AE384E1541E}.RelWithDebInfo|x64.Build.0 = Release|x64
		{E123A260-4502-4E32-B2D9-8AE384E1541E}.RelWithDebInfo|x86.ActiveCfg = Release|Win32
		{E123A260-4502-4E32-B2D9-8AE384E1541E}.RelWithDebInfo|x86.Build.0 = Release|Win32
		{EE7C187A-C32C-4569-B920-EC4FD1BFBE11}.Debug|Any CPU.ActiveCfg = Debug|Win32
		{EE7C187A-C32C-4569-B920-EC4FD1BFBE11}.Debug|x64.ActiveCfg = Debug|x64
		{EE7C187A-C32C-4569-B920-EC4FD1BFBE11}.Debug|x64.Build.0 = Debug|x64
		{EE7C187A-C32C-4569-B920-EC4FD1BFBE11}.Debug|x86.ActiveCfg = Debug|Win32
		{EE7C187A-C32C-4569-B920-EC4FD1BFBE11}.Debug|x86.Build.0 = Debug|Win32
		{EE7C187A-C32C-4569-B920-EC4FD1BFBE11}.MinSizeRel|Any CPU.ActiveCfg = Release|x64
		{EE7C187A-C32C-4569-B920-EC4FD1BFBE11}.MinSizeRel|Any CPU.Build.0 = Release|x64
		{EE7C187A-C32C-4569-B920-EC4FD1BFBE11}.MinSizeRel|x64.ActiveCfg = Release|x64
		{EE7C187A-C32C-4569-B920-EC4FD1BFBE11}.MinSizeRel|x64.Build.0 = Release|x64
		{EE7C187A-C32C-4569-B920-EC4FD1BFBE11}.MinSizeRel|x86.ActiveCfg = Release|Win32
		{EE7C187A-C32C-4569-B920-EC4FD1BFBE11}.MinSizeRel|x86.Build.0 = Release|Win32
		{EE7C187A-C32C-4569-B920-EC4FD1BFBE11}.Release|Any CPU.ActiveCfg = Release|Win32
		{EE7C187A-C32C-4569-B920-EC4FD1BFBE11}.Release|x64.ActiveCfg = Release|x64
		{EE7C187A-C32C-4569-B920-EC4FD1BFBE11}.Release|x64.Build.0 = Release|x64
		{EE7C187A-C32C-4569-B920-EC4FD1BFBE11}.Release|x86.ActiveCfg = Release|Win32
		{EE7C187A-C32C-4569-B920-EC4FD1BFBE11}.Release|x86.Build.0 = Release|Win32
		{EE7C187A-C32C-4569-B920-EC4FD1BFBE11}.RelWithDebInfo|Any CPU.ActiveCfg = Release|x64
		{EE7C187A-C32C-4569-B920-EC4FD1BFBE11}.RelWithDebInfo|Any CPU.Build.0 = Release|x64
		{EE7C187A-C32C-4569-B920-EC4FD1BFBE11}.RelWithDebInfo|x64.ActiveCfg = Release|x64
		{EE7C187A-C32C-4569-B920-EC4FD1BFBE11}.RelWithDebInfo|x64.Build.0 = Release|x64
		{EE7C187A-C32C-4569-B920-EC4FD1BFBE11}.RelWithDebInfo|x86.ActiveCfg = Release|Win32
		{EE7C187A-C32C-4569-B920-EC4FD1BFBE11}.RelWithDebInfo|x86.Build.0 = Release|Win32
		{9B5B477B-13D7-41E2-A77A-7EA40F5F1C3F}.Debug|Any CPU.ActiveCfg = Debug|Win32
		{9B5B477B-13D7-41E2-A77A-7EA40F5F1C3F}.Debug|x64.ActiveCfg = Debug|x64
		{9B5B477B-13D7-41E2-A77A-7EA40F5F1C3F}.Debug|x64.Build.0 = Debug|x64
		{9B5B477B-13D7-41E2-A77A-7EA40F5F1C3F}.Debug|x86.ActiveCfg = Debug|Win32
		{9B5B477B-13D7-41E2-A77A-7EA40F5F1C3F}.Debug|x86.Build.0 = Debug|Win32
		{9B5B477B-13D7-41E2-A77A-7EA40F5F1C3F}.MinSizeRel|Any CPU.ActiveCfg = Release|x64
		{9B5B477B-13D7-41E2-A77A-7EA40F5F1C3F}.MinSizeRel|Any CPU.Build.0 = Release|x64
		{9B5B477B-13D7-41E2-A77A-7EA40F5F1C3F}.MinSizeRel|x64.ActiveCfg = Release|x64
		{9B5B477B-13D7-41E2-A77A-7EA40F5F1C3F}.MinSizeRel|x64.Build.0 = Release|x64
		{9B5B477B-13D7-41E2-A77A-7EA40F5F1C3F}.MinSizeRel|x86.ActiveCfg = Release|Win32
		{9B5B477B-13D7-41E2-A77A-7EA40F5F1C3F}.MinSizeRel|x86.Build.0 = Release|Win32
		{9B5B477B-13D7-41E2-A77A-7EA40F5F1C3F}.Release|Any CPU.ActiveCfg = Release|Win32
		{9B5B477B-13D7-41E2-A77A-7EA40F5F1C3F}.Release|x64.ActiveCfg = Release|x64
		{9B5B477B-13D7-41E2-A77A-7EA40F5F1C3F}.Release|x64.Build.0 = Release|x64
		{9B5B477B-13D7-41E2-A77A-7EA40F5F1C3F}.Release|x86.ActiveCfg = Release|Win32
		{9B5B477B-13D7-41E2-A77A-7EA40F5F1C3F}.Release|x86.Build.0 = Release|Win32
		{9B5B477B-13D7-41E2-A77A-7EA40F5F1C3F}.RelWithDebInfo|Any CPU.ActiveCfg = Release|x64
		{9B5B477B-13D7-41E2-A77A-7EA40F5F1C3F}.RelWithDebInfo|Any CPU.Build.0 = Release|x64
		{9B5B477B-13D7-41E2-A77A-7EA40F5F1C3F}.RelWithDebInfo|x64.ActiveCfg = Release|x64
		{9B5B477B-13D7-41E2-A77A-7EA40F5F1C3F}.RelWithDebInfo|x64.Build.0 = Release|x64
		{9B5B477B-13D7-41E2-A77A-7EA40F5F1C3F}.RelWithDebInfo|x86.ActiveCfg = Release|Win32
		{9B5B477B-13D7-41E2-A77A-7EA40F5F1C3F}.RelWithDebInfo|x86.Build.0 = Release|Win32
		{988EDCF9-6E17-4DC9-8915-6E4D1594C318}.Debug|Any CPU.ActiveCfg = Debug|Win32
		{988EDCF9-6E17-4DC9-8915-6E4D1594C318}.Debug|x64.ActiveCfg = Debug|x64
		{988EDCF9-6E17-4DC9-8915-6E4D1594C318}.Debug|x64.Build.0 = Debug|x64
		{988EDCF9-6E17-4DC9-8915-6E4D1594C318}.Debug|x86.ActiveCfg = Debug|Win32
		{988EDCF9-6E17-4DC9-8915-6E4D1594C318}.Debug|x86.Build.0 = Debug|Win32
		{988EDCF9-6E17-4DC9-8915-6E4D1594C318}.MinSizeRel|Any CPU.ActiveCfg = Release|x64
		{988EDCF9-6E17-4DC9-8915-6E4D1594C318}.MinSizeRel|Any CPU.Build.0 = Release|x64
		{988EDCF9-6E17-4DC9-8915-6E4D1594C318}.MinSizeRel|x64.ActiveCfg = Release|x64
		{988EDCF9-6E17-4DC9-8915-6E4D1594C318}.MinSizeRel|x64.Build.0 = Release|x64
		{988EDCF9-6E17-4DC9-8915-6E4D1594C318}.MinSizeRel|x86.ActiveCfg = Release|Win32
		{988EDCF9-6E17-4DC9-8915-6E4D1594C318}.MinSizeRel|x86.Build.0 = Release|Win32
		{988EDCF9-6E17-4DC9-8915-6E4D1594C318}.Release|Any CPU.ActiveCfg = Release|Win32
		{988EDCF9-6E17-4DC9-8915-6E4D1594C318}.Release|x64.ActiveCfg = Release|x64
		{988EDCF9-6E17-4DC9-8915-6E4D1594C318}.Release|x64.Build.0 = Release|x64
		{988EDCF9-6E17-4DC9-8915-6E4D1594C318}.Release|x86.ActiveCfg = Release|Win32
		{988EDCF9-6E17-4DC9-8915-6E4D1594C318}.Release|x86.Build.0 = Release|Win32
		{988EDCF9-6E17-4DC9-8915-6E4D1594C318}.RelWithDebInfo|Any CPU.ActiveCfg = Release|x64
		{988EDCF9-6E17-4DC9-8915-6E4D1594C318}.RelWithDebInfo|Any CPU.Build.0 = Release|x64
		{988EDCF9-6E17-4DC9-8915-6E4D1594C318}.RelWithDebInfo|x64.ActiveCfg = Release|x64
		{988EDCF9-6E17-4DC9-8915-6E4D1594C318}.RelWithDebInfo|x64.Build.0 = Release|x64
		{988EDCF9-6E17-4DC9-8915-6E4D1594C318}.RelWithDebInfo|x86.ActiveCfg = Release|Win32
		{988EDCF9-6E17-4DC9-8915-6E4D1594C318}.RelWithDebInfo|x86.Build.0 = Release|Win32
		{F5CCE21F-C2A6-4DBF-880B-065CFEB9AA87}.Debug|Any CPU.ActiveCfg = Debug|Win32
		{F5CCE21F-C2A6-4DBF-880B-065CFEB9AA87}.Debug|x64.ActiveCfg = Debug|x64
		{F5CCE21F-C2A6-4DBF-880B-065CFEB9AA87}.Debug|x64.Build.0 = Debug|x64
		{F5CCE21F-C2A6-4DBF-880B-065CFEB9AA87}.Debug|x86.ActiveCfg = Debug|Win32
		{F5CCE21F-C2A6-4DBF-880B-065CFEB9AA87}.Debug|x86.Build.0 = Debug|Win32
		{F5CCE21F-C2A6-4DBF-880B-065CFEB9AA87}.MinSizeRel|Any CPU.ActiveCfg = Release|x64
		{F5CCE21F-C2A6-4DBF-880B-065CFEB9AA87}.MinSizeRel|Any CPU.Build.0 = Release|x64
		{F5CCE21F-C2A6-4DBF-880B-065CFEB9AA87}.MinSizeRel|x64.ActiveCfg = Release|x64
		{F5CCE21F-C2A6-4DBF-880B-065CFEB9AA87}.MinSizeRel|x64.Build.0 = Release|x64
		{F5CCE21F-C2A6-4DBF-880B-065CFEB9AA87}.MinSizeRel|x86.ActiveCfg = Release|Win32
		{F5CCE21F-C2A6-4DBF-880B-065CFEB9AA87}.MinSizeRel|x86.Build.0 = Release|Win32
		{F5CCE21F-C2A6-4DBF-880B-065CFEB9AA87}.Release|Any CPU.ActiveCfg = Release|Win32
		{F5CCE21F-C2A6-4DBF-880B-065CFEB9AA87}.Release|x64.ActiveCfg = Release|x64
		{F5CCE21F-C2A6-4DBF-880B-065CFEB9AA87}.Release|x64.Build.0 = Release|x64
		{F5CCE21F-C2A6-4DBF-880B-065CFEB9AA87}.Release|x86.ActiveCfg = Release|Win32
		{F5CCE21F-C2A6-4DBF-880B-065CFEB9AA87}.Release|x86.Build.0 = Release|Win32
		{F5CCE21F-C2A6-4DBF-880B-065CFEB9AA87}.RelWithDebInfo|Any CPU.ActiveCfg = Release|x64
		{F5CCE21F-C2A6-4DBF-880B-065CFEB9AA87}.RelWithDebInfo|Any CPU.Build.0 = Release|x64
		{F5CCE21F-C2A6-4DBF-880B-065CFEB9AA87}.RelWithDebInfo|x64.ActiveCfg = Release|x64
		{F5CCE21F-C2A6-4DBF-880B-065CFEB9AA87}.RelWithDebInfo|x64.Build.0 = Release|x64
		{F5CCE21F-C2A6-4DBF-880B-065CFEB9AA87}.RelWithDebInfo|x86.ActiveCfg = Release|Win32
		{F5CCE21F-C2A6-4DBF-880B-065CFEB9AA87}.RelWithDebInfo|x86.Build.0 = Release|Win32
		{731B0506-78DF-4EC0-9BAB-D0170B2E3042}.Debug|Any CPU.ActiveCfg = Debug|Win32
		{731B0506-78DF-4EC0-9BAB-D0170B2E3042}.Debug|x64.ActiveCfg = Debug|x64
		{731B0506-78DF-4EC0-9BAB-D0170B2E3042}.Debug|x64.Build.0 = Debug|x64
		{731B0506-78DF-4EC0-9BAB-D0170B2E3042}.Debug|x86.ActiveCfg = Debug|Win32
		{731B0506-78DF-4EC0-9BAB-D0170B2E3042}.Debug|x86.Build.0 = Debug|Win32
		{731B0506-78DF-4EC0-9BAB-D0170B2E3042}.MinSizeRel|Any CPU.ActiveCfg = Release|x64
		{731B0506-78DF-4EC0-9BAB-D0170B2E3042}.MinSizeRel|Any CPU.Build.0 = Release|x64
		{731B0506-78DF-4EC0-9BAB-D0170B2E3042}.MinSizeRel|x64.ActiveCfg = Release|x64
		{731B0506-78DF-4EC0-9BAB-D0170B2E3042}.MinSizeRel|x64.Build.0 = Release|x64
		{731B0506-78DF-4EC0-9BAB-D0170B2E3042}.MinSizeRel|x86.ActiveCfg = Release|Win32
		{731B0506-78DF-4EC0-9BAB-D0170B2E3042}.MinSizeRel|x86.Build.0 = Release|Win32
		{731B0506-78DF-4EC0-9BAB-D0170B2E3042}.Release|Any CPU.ActiveCfg = Release|Win32
		{731B0506-78DF-4EC0-9BAB-D0170B2E3042}.Release|x64.ActiveCfg = Release|x64
		{731B0506-78DF-4EC0-9BAB-D0170B2E3042}.Release|x64.Build.0 = Release|x64
		{731B0506-78DF-4EC0-9BAB-D0170B2E3042}.Release|x86.ActiveCfg = Release|Win32
		{731B0506-78DF-4EC0-9BAB-D0170B2E3042}.Release|x86.Build.0 = Release|Win32
		{731B0506-78DF-4EC0-9BAB-D0170B2E3042}.RelWithDebInfo|Any CPU.ActiveCfg = Release|x64
		{731B0506-78DF-4EC0-9BAB-D0170B2E3042}.RelWithDebInfo|Any CPU.Build.0 = Release|x64
		{731B0506-78DF-4EC0-9BAB-D0170B2E3042}.RelWithDebInfo|x64.ActiveCfg = Release|x64
		{731B0506-78DF-4EC0-9BAB-D0170B2E3042}.RelWithDebInfo|x64.Build.0 = Release|x64
		{731B0506-78DF-4EC0-9BAB-D0170B2E3042}.RelWithDebInfo|x86.ActiveCfg = Release|Win32
		{731B0506-78DF-4EC0-9BAB-D0170B2E3042}.RelWithDebInfo|x86.Build.0 = Release|Win32
		{4A613268-18A8-491F-B2CC-7E5253AC0BFB}.Debug|Any CPU.ActiveCfg = Debug|Win32
		{4A613268-18A8-491F-B2CC-7E5253AC0BFB}.Debug|x64.ActiveCfg = Debug|x64
		{4A613268-18A8-491F-B2CC-7E5253AC0BFB}.Debug|x64.Build.0 = Debug|x64
		{4A613268-18A8-491F-B2CC-7E5253AC0BFB}.Debug|x86.ActiveCfg = Debug|Win32
		{4A613268-18A8-491F-B2CC-7E5253AC0BFB}.Debug|x86.Build.0 = Debug|Win32
		{4A613268-18A8-491F-B2CC-7E5253AC0BFB}.MinSizeRel|Any CPU.ActiveCfg = Release|x64
		{4A613268-18A8-491F-B2CC-7E5253AC0BFB}.MinSizeRel|Any CPU.Build.0 = Release|x64
		{4A613268-18A8-491F-B2CC-7E5253AC0BFB}.MinSizeRel|x64.ActiveCfg = Release|x64
		{4A613268-18A8-491F-B2CC-7E5253AC0BFB}.MinSizeRel|x64.Build.0 = Release|x64
		{4A613268-18A8-491F-B2CC-7E5253AC0BFB}.MinSizeRel|x86.ActiveCfg = Release|Win32
		{4A613268-18A8-491F-B2CC-7E5253AC0BFB}.MinSizeRel|x86.Build.0 = Release|Win32
		{4A613268-18A8-491F-B2CC-7E5253AC0BFB}.Release|Any CPU.ActiveCfg = Release|Win32
		{4A613268-18A8-491F-B2CC-7E5253AC0BFB}.Release|x64.ActiveCfg = Release|x64
		{4A613268-18A8-491F-B2CC-7E5253AC0BFB}.Release|x64.Build.0 = Release|x64
		{4A613268-18A8-491F-B2CC-7E5253AC0BFB}.Release|x86.ActiveCfg = Release|Win32
		{4A613268-18A8-491F-B2CC-7E5253AC0BFB}.Release|x86.Build.0 = Release|Win32
		{4A613268-18A8-491F-B2CC-7E5253AC0BFB}.RelWithDebInfo|Any CPU.ActiveCfg = Release|x64
		{4A613268-18A8-491F-B2CC-7E5253AC0BFB}.RelWithDebInfo|Any CPU.Build.0 = Release|x64
		{4A613268-18A8-491F-B2CC-7E5253AC0BFB}.RelWithDebInfo|x64.ActiveCfg = Release|x64
		{4A613268-18A8-491F-B2CC-7E5253AC0BFB}.RelWithDebInfo|x64.Build.0 = Release|x64
		{4A613268-18A8-491F-B2CC-7E5253AC0BFB}.RelWithDebInfo|x86.ActiveCfg = Release|Win32
		{4A613268-18A8-491F-B2CC-7E5253AC0BFB}.RelWithDebInfo|x86.Build.0 = Release|Win32
		{0851AF88-D080-4BCC-BFFB-C9EAC91CDACF}.Debug|Any CPU.ActiveCfg = Debug|Win32
		{0851AF88-D080-4BCC-BFFB-C9EAC91CDACF}.Debug|x64.ActiveCfg = Debug|x64
		{0851AF88-D080-4BCC-BFFB-C9EAC91CDACF}.Debug|x64.Build.0 = Debug|x64
		{0851AF88-D080-4BCC-BFFB-C9EAC91CDACF}.Debug|x86.ActiveCfg = Debug|Win32
		{0851AF88-D080-4BCC-BFFB-C9EAC91CDACF}.Debug|x86.Build.0 = Debug|Win32
		{0851AF88-D080-4BCC-BFFB-C9EAC91CDACF}.MinSizeRel|Any CPU.ActiveCfg = Release|x64
		{0851AF88-D080-4BCC-BFFB-C9EAC91CDACF}.MinSizeRel|Any CPU.Build.0 = Release|x64
		{0851AF88-D080-4BCC-BFFB-C9EAC91CDACF}.MinSizeRel|x64.ActiveCfg = Release|x64
		{0851AF88-D080-4BCC-BFFB-C9EAC91CDACF}.MinSizeRel|x64.Build.0 = Release|x64
		{0851AF88-D080-4BCC-BFFB-C9EAC91CDACF}.MinSizeRel|x86.ActiveCfg = Release|Win32
		{0851AF88-D080-4BCC-BFFB-C9EAC91CDACF}.MinSizeRel|x86.Build.0 = Release|Win32
		{0851AF88-D080-4BCC-BFFB-C9EAC91CDACF}.Release|Any CPU.ActiveCfg = Release|Win32
		{0851AF88-D080-4BCC-BFFB-C9EAC91CDACF}.Release|x64.ActiveCfg = Release|x64
		{0851AF88-D080-4BCC-BFFB-C9EAC91CDACF}.Release|x64.Build.0 = Release|x64
		{0851AF88-D080-4BCC-BFFB-C9EAC91CDACF}.Release|x86.ActiveCfg = Release|Win32
		{0851AF88-D080-4BCC-BFFB-C9EAC91CDACF}.Release|x86.Build.0 = Release|Win32
		{0851AF88-D080-4BCC-BFFB-C9EAC91CDACF}.RelWithDebInfo|Any CPU.ActiveCfg = Release|x64
		{0851AF88-D080-4BCC-BFFB-C9EAC91CDACF}.RelWithDebInfo|Any CPU.Build.0 = Release|x64
		{0851AF88-D080-4BCC-BFFB-C9EAC91CDACF}.RelWithDebInfo|x64.ActiveCfg = Release|x64
		{0851AF88-D080-4BCC-BFFB-C9EAC91CDACF}.RelWithDebInfo|x64.Build.0 = Release|x64
		{0851AF88-D080-4BCC-BFFB-C9EAC91CDACF}.RelWithDebInfo|x86.ActiveCfg = Release|Win32
		{0851AF88-D080-4BCC-BFFB-C9EAC91CDACF}.RelWithDebInfo|x86.Build.0 = Release|Win32
		{B61182E7-743E-4B1C-BFDD-D0E807E85CD5}.Debug|Any CPU.ActiveCfg = Debug|Win32
		{B61182E7-743E-4B1C-BFDD-D0E807E85CD5}.Debug|x64.ActiveCfg = Debug|x64
		{B61182E7-743E-4B1C-BFDD-D0E807E85CD5}.Debug|x64.Build.0 = Debug|x64
		{B61182E7-743E-4B1C-BFDD-D0E807E85CD5}.Debug|x86.ActiveCfg = Debug|Win32
		{B61182E7-743E-4B1C-BFDD-D0E807E85CD5}.Debug|x86.Build.0 = Debug|Win32
		{B61182E7-743E-4B1C-BFDD-D0E807E85CD5}.MinSizeRel|Any CPU.ActiveCfg = Release|x64
		{B61182E7-743E-4B1C-BFDD-D0E807E85CD5}.MinSizeRel|Any CPU.Build.0 = Release|x64
		{B61182E7-743E-4B1C-BFDD-D0E807E85CD5}.MinSizeRel|x64.ActiveCfg = Release|x64
		{B61182E7-743E-4B1C-BFDD-D0E807E85CD5}.MinSizeRel|x64.Build.0 = Release|x64
		{B61182E7-743E-4B1C-BFDD-D0E807E85CD5}.MinSizeRel|x86.ActiveCfg = Release|Win32
		{B61182E7-743E-4B1C-BFDD-D0E807E85CD5}.MinSizeRel|x86.Build.0 = Release|Win32
		{B61182E7-743E-4B1C-BFDD-D0E807E85CD5}.Release|Any CPU.ActiveCfg = Release|Win32
		{B61182E7-743E-4B1C-BFDD-D0E807E85CD5}.Release|x64.ActiveCfg = Release|x64
		{B61182E7-743E-4B1C-BFDD-D0E807E85CD5}.Release|x64.Build.0 = Release|x64
		{B61182E7-743E-4B1C-BFDD-D0E807E85CD5}.Release|x86.ActiveCfg = Release|Win32
		{B61182E7-743E-4B1C-BFDD-D0E807E85CD5}.Release|x86.Build.0 = Release|Win32
		{B61182E7-743E-4B1C-BFDD-D0E807E85CD5}.RelWithDebInfo|Any CPU.ActiveCfg = Release|x64
		{B61182E7-743E-4B1C-BFDD-D0E807E85CD5}.RelWithDebInfo|Any CPU.Build.0 = Release|x64
		{B61182E7-743E-4B1C-BFDD-D0E807E85CD5}.RelWithDebInfo|x64.ActiveCfg = Release|x64
		{B61182E7-743E-4B1C-BFDD-D0E807E85CD5}.RelWithDebInfo|x64.Build.0 = Release|x64
		{B61182E7-743E-4B1C-BFDD-D0E807E85CD5}.RelWithDebInfo|x86.ActiveCfg = Release|Win32
		{B61182E7-743E-4B1C-BFDD-D0E807E85CD5}.RelWithDebInfo|x86.Build.0 = Release|Win32
		{E0B16BFA-D6A6-4599-803F-87B80B92F18A}.Debug|Any CPU.ActiveCfg = Debug|Win32
		{E0B16BFA-D6A6-4599-803F-87B80B92F18A}.Debug|x64.ActiveCfg = Debug|x64
		{E0B16BFA-D6A6-4599-803F-87B80B92F18A}.Debug|x64.Build.0 = Debug|x64
		{E0B16BFA-D6A6-4599-803F-87B80B92F18A}.Debug|x86.ActiveCfg = Debug|Win32
		{E0B16BFA-D6A6-4599-803F-87B80B92F18A}.Debug|x86.Build.0 = Debug|Win32
		{E0B16BFA-D6A6-4599-803F-87B80B92F18A}.MinSizeRel|Any CPU.ActiveCfg = Release|x64
		{E0B16BFA-D6A6-4599-803F-87B80B92F18A}.MinSizeRel|Any CPU.Build.0 = Release|x64
		{E0B16BFA-D6A6-4599-803F-87B80B92F18A}.MinSizeRel|x64.ActiveCfg = Release|x64
		{E0B16BFA-D6A6-4599-803F-87B80B92F18A}.MinSizeRel|x64.Build.0 = Release|x64
		{E0B16BFA-D6A6-4599-803F-87B80B92F18A}.MinSizeRel|x86.ActiveCfg = Release|Win32
		{E0B16BFA-D6A6-4599-803F-87B80B92F18A}.MinSizeRel|x86.Build.0 = Release|Win32
		{E0B16BFA-D6A6-4599-803F-87B80B92F18A}.Release|Any CPU.ActiveCfg = Release|Win32
		{E0B16BFA-D6A6-4599-803F-87B80B92F18A}.Release|x64.ActiveCfg = Release|x64
		{E0B16BFA-D6A6-4599-803F-87B80B92F18A}.Release|x64.Build.0 = Release|x64
		{E0B16BFA-D6A6-4599-803F-87B80B92F18A}.Release|x86.ActiveCfg = Release|Win32
		{E0B16BFA-D6A6-4599-803F-87B80B92F18A}.Release|x86.Build.0 = Release|Win32
		{E0B16BFA-D6A6-4599-803F-87B80B92F18A}.RelWithDebInfo|Any CPU.ActiveCfg = Release|x64
		{E0B16BFA-D6A6-4599-803F-87B80B92F18A}.RelWithDebInfo|Any CPU.Build.0 = Release|x64
		{E0B16BFA-D6A6-4599-803F-87B80B92F18A}.RelWithDebInfo|x64.ActiveCfg = Release|x64
		{E0B16BFA-D6A6-4599-803F-87B80B92F18A}.RelWithDebInfo|x64.Build.0 = Release|x64
		{E0B16BFA-D6A6-4599-803F-87B80B92F18A}.RelWithDebInfo|x86.ActiveCfg = Release|Win32
		{E0B16BFA-D6A6-4599-803F-87B80B92F18A}.RelWithDebInfo|x86.Build.0 = Release|Win32
		{587EE80D-F802-4547-AABE-320521050FBF}.Debug|Any CPU.ActiveCfg = Debug|Win32
		{587EE80D-F802-4547-AABE-320521050FBF}.Debug|x64.ActiveCfg = Debug|x64
		{587EE80D-F802-4547-AABE-320521050FBF}.Debug|x64.Build.0 = Debug|x64
		{587EE80D-F802-4547-AABE-320521050FBF}.Debug|x86.ActiveCfg = Debug|Win32
		{587EE80D-F802-4547-AABE-320521050FBF}.Debug|x86.Build.0 = Debug|Win32
		{587EE80D-F802-4547-AABE-320521050FBF}.MinSizeRel|Any CPU.ActiveCfg = Release|x64
		{587EE80D-F802-4547-AABE-320521050FBF}.MinSizeRel|Any CPU.Build.0 = Release|x64
		{587EE80D-F802-4547-AABE-320521050FBF}.MinSizeRel|x64.ActiveCfg = Release|x64
		{587EE80D-F802-4547-AABE-320521050FBF}.MinSizeRel|x64.Build.0 = Release|x64
		{587EE80D-F802-4547-AABE-320521050FBF}.MinSizeRel|x86.ActiveCfg = Release|Win32
		{587EE80D-F802-4547-AABE-320521050FBF}.MinSizeRel|x86.Build.0 = Release|Win32
		{587EE80D-F802-4547-AABE-320521050FBF}.Release|Any CPU.ActiveCfg = Release|Win32
		{587EE80D-F802-4547-AABE-320521050FBF}.Release|x64.ActiveCfg = Release|x64
		{587EE80D-F802-4547-AABE-320521050FBF}.Release|x64.Build.0 = Release|x64
		{587EE80D-F802-4547-AABE-320521050FBF}.Release|x86.ActiveCfg = Release|Win32
		{587EE80D-F802-4547-AABE-320521050FBF}.Release|x86.Build.0 = Release|Win32
		{587EE80D-F802-4547-AABE-320521050FBF}.RelWithDebInfo|Any CPU.ActiveCfg = Release|x64
		{587EE80D-F802-4547-AABE-320521050FBF}.RelWithDebInfo|Any CPU.Build.0 = Release|x64
		{587EE80D-F802-4547-AABE-320521050FBF}.RelWithDebInfo|x64.ActiveCfg = Release|x64
		{587EE80D-F802-4547-AABE-320521050FBF}.RelWithDebInfo|x64.Build.0 = Release|x64
		{587EE80D-F802-4547-AABE-320521050FBF}.RelWithDebInfo|x86.ActiveCfg = Release|Win32
		{587EE80D-F802-4547-AABE-320521050FBF}.RelWithDebInfo|x86.Build.0 = Release|Win32
		{C1C45FC5-6676-4F1D-ACF6-B56015F2F286}.Debug|Any CPU.ActiveCfg = Debug|Win32
		{C1C45FC5-6676-4F1D-ACF6-B56015F2F286}.Debug|x64.ActiveCfg = Debug|x64
		{C1C45FC5-6676-4F1D-ACF6-B56015F2F286}.Debug|x64.Build.0 = Debug|x64
		{C1C45FC5-6676-4F1D-ACF6-B56015F2F286}.Debug|x86.ActiveCfg = Debug|Win32
		{C1C45FC5-6676-4F1D-ACF6-B56015F2F286}.Debug|x86.Build.0 = Debug|Win32
		{C1C45FC5-6676-4F1D-ACF6-B56015F2F286}.MinSizeRel|Any CPU.ActiveCfg = Release|x64
		{C1C45FC5-6676-4F1D-ACF6-B56015F2F286}.MinSizeRel|Any CPU.Build.0 = Release|x64
		{C1C45FC5-6676-4F1D-ACF6-B56015F2F286}.MinSizeRel|x64.ActiveCfg = Release|x64
		{C1C45FC5-6676-4F1D-ACF6-B56015F2F286}.MinSizeRel|x64.Build.0 = Release|x64
		{C1C45FC5-6676-4F1D-ACF6-B56015F2F286}.MinSizeRel|x86.ActiveCfg = Release|Win32
		{C1C45FC5-6676-4F1D-ACF6-B56015F2F286}.MinSizeRel|x86.Build.0 = Release|Win32
		{C1C45FC5-6676-4F1D-ACF6-B56015F2F286}.Release|Any CPU.ActiveCfg = Release|Win32
		{C1C45FC5-6676-4F1D-ACF6-B56015F2F286}.Release|x64.ActiveCfg = Release|x64
		{C1C45FC5-6676-4F1D-ACF6-B56015F2F286}.Release|x64.Build.0 = Release|x64
		{C1C45FC5-6676-4F1D-ACF6-B56015F2F286}.Release|x86.ActiveCfg = Release|Win32
		{C1C45FC5-6676-4F1D-ACF6-B56015F2F286}.Release|x86.Build.0 = Release|Win32
		{C1C45FC5-6676-4F1D-ACF6-B56015F2F286}.RelWithDebInfo|Any CPU.ActiveCfg = Release|x64
		{C1C45FC5-6676-4F1D-ACF6-B56015F2F286}.RelWithDebInfo|Any CPU.Build.0 = Release|x64
		{C1C45FC5-6676-4F1D-ACF6-B56015F2F286}.RelWithDebInfo|x64.ActiveCfg = Release|x64
		{C1C45FC5-6676-4F1D-ACF6-B56015F2F286}.RelWithDebInfo|x64.Build.0 = Release|x64
		{C1C45FC5-6676-4F1D-ACF6-B56015F2F286}.RelWithDebInfo|x86.ActiveCfg = Release|Win32
		{C1C45FC5-6676-4F1D-ACF6-B56015F2F286}.RelWithDebInfo|x86.Build.0 = Release|Win32
		{D53932BD-72D3-44BF-8D54-8EC02D6C3BC2}.Debug|Any CPU.ActiveCfg = Debug|Win32
		{D53932BD-72D3-44BF-8D54-8EC02D6C3BC2}.Debug|x64.ActiveCfg = Debug|x64
		{D53932BD-72D3-44BF-8D54-8EC02D6C3BC2}.Debug|x64.Build.0 = Debug|x64
		{D53932BD-72D3-44BF-8D54-8EC02D6C3BC2}.Debug|x86.ActiveCfg = Debug|Win32
		{D53932BD-72D3-44BF-8D54-8EC02D6C3BC2}.Debug|x86.Build.0 = Debug|Win32
		{D53932BD-72D3-44BF-8D54-8EC02D6C3BC2}.MinSizeRel|Any CPU.ActiveCfg = Release|x64
		{D53932BD-72D3-44BF-8D54-8EC02D6C3BC2}.MinSizeRel|Any CPU.Build.0 = Release|x64
		{D53932BD-72D3-44BF-8D54-8EC02D6C3BC2}.MinSizeRel|x64.ActiveCfg = Release|x64
		{D53932BD-72D3-44BF-8D54-8EC02D6C3BC2}.MinSizeRel|x64.Build.0 = Release|x64
		{D53932BD-72D3-44BF-8D54-8EC02D6C3BC2}.MinSizeRel|x86.ActiveCfg = Release|Win32
		{D53932BD-72D3-44BF-8D54-8EC02D6C3BC2}.MinSizeRel|x86.Build.0 = Release|Win32
		{D53932BD-72D3-44BF-8D54-8EC02D6C3BC2}.Release|Any CPU.ActiveCfg = Release|Win32
		{D53932BD-72D3-44BF-8D54-8EC02D6C3BC2}.Release|x64.ActiveCfg = Release|x64
		{D53932BD-72D3-44BF-8D54-8EC02D6C3BC2}.Release|x64.Build.0 = Release|x64
		{D53932BD-72D3-44BF-8D54-8EC02D6C3BC2}.Release|x86.ActiveCfg = Release|Win32
		{D53932BD-72D3-44BF-8D54-8EC02D6C3BC2}.Release|x86.Build.0 = Release|Win32
		{D53932BD-72D3-44BF-8D54-8EC02D6C3BC2}.RelWithDebInfo|Any CPU.ActiveCfg = Release|x64
		{D53932BD-72D3-44BF-8D54-8EC02D6C3BC2}.RelWithDebInfo|Any CPU.Build.0 = Release|x64
		{D53932BD-72D3-44BF-8D54-8EC02D6C3BC2}.RelWithDebInfo|x64.ActiveCfg = Release|x64
		{D53932BD-72D3-44BF-8D54-8EC02D6C3BC2}.RelWithDebInfo|x64.Build.0 = Release|x64
		{D53932BD-72D3-44BF-8D54-8EC02D6C3BC2}.RelWithDebInfo|x86.ActiveCfg = Release|Win32
		{D53932BD-72D3-44BF-8D54-8EC02D6C3BC2}.RelWithDebInfo|x86.Build.0 = Release|Win32
		{B2428232-2A38-457F-9C61-06E9EBB01D1F}.Debug|Any CPU.ActiveCfg = Debug|Win32
		{B2428232-2A38-457F-9C61-06E9EBB01D1F}.Debug|x64.ActiveCfg = Debug|x64
		{B2428232-2A38-457F-9C61-06E9EBB01D1F}.Debug|x64.Build.0 = Debug|x64
		{B2428232-2A38-457F-9C61-06E9EBB01D1F}.Debug|x86.ActiveCfg = Debug|Win32
		{B2428232-2A38-457F-9C61-06E9EBB01D1F}.Debug|x86.Build.0 = Debug|Win32
		{B2428232-2A38-457F-9C61-06E9EBB01D1F}.MinSizeRel|Any CPU.ActiveCfg = Release|x64
		{B2428232-2A38-457F-9C61-06E9EBB01D1F}.MinSizeRel|Any CPU.Build.0 = Release|x64
		{B2428232-2A38-457F-9C61-06E9EBB01D1F}.MinSizeRel|x64.ActiveCfg = Release|x64
		{B2428232-2A38-457F-9C61-06E9EBB01D1F}.MinSizeRel|x64.Build.0 = Release|x64
		{B2428232-2A38-457F-9C61-06E9EBB01D1F}.MinSizeRel|x86.ActiveCfg = Release|Win32
		{B2428232-2A38-457F-9C61-06E9EBB01D1F}.MinSizeRel|x86.Build.0 = Release|Win32
		{B2428232-2A38-457F-9C61-06E9EBB01D1F}.Release|Any CPU.ActiveCfg = Release|Win32
		{B2428232-2A38-457F-9C61-06E9EBB01D1F}.Release|x64.ActiveCfg = Release|x64
		{B2428232-2A38-457F-9C61-06E9EBB01D1F}.Release|x64.Build.0 = Release|x64
		{B2428232-2A38-457F-9C61-06E9EBB01D1F}.Release|x86.ActiveCfg = Release|Win32
		{B2428232-2A38-457F-9C61-06E9EBB01D1F}.Release|x86.Build.0 = Release|Win32
		{B2428232-2A38-457F-9C61-06E9EBB01D1F}.RelWithDebInfo|Any CPU.ActiveCfg = Release|x64
		{B2428232-2A38-457F-9C61-06E9EBB01D1F}.RelWithDebInfo|Any CPU.Build.0 = Release|x64
		{B2428232-2A38-457F-9C61-06E9EBB01D1F}.RelWithDebInfo|x64.ActiveCfg = Release|x64
		{B2428232-2A38-457F-9C61-06E9EBB01D1F}.RelWithDebInfo|x64.Build.0 = Release|x64
		{B2428232-2A38-457F-9C61-06E9EBB01D1F}.RelWithDebInfo|x86.ActiveCfg = Release|Win32
		{B2428232-2A38-457F-9C61-06E9EBB01D1F}.RelWithDebInfo|x86.Build.0 = Release|Win32
		{4C019F33-8AB0-4AAD-8394-8708BA0DF8B3}.Debug|Any CPU.ActiveCfg = Debug|Win32
		{4C019F33-8AB0-4AAD-8394-8708BA0DF8B3}.Debug|x64.ActiveCfg = Debug|x64
		{4C019F33-8AB0-4AAD-8394-8708BA0DF8B3}.Debug|x64.Build.0 = Debug|x64
		{4C019F33-8AB0-4AAD-8394-8708BA0DF8B3}.Debug|x86.ActiveCfg = Debug|Win32
		{4C019F33-8AB0-4AAD-8394-8708BA0DF8B3}.Debug|x86.Build.0 = Debug|Win32
		{4C019F33-8AB0-4AAD-8394-8708BA0DF8B3}.MinSizeRel|Any CPU.ActiveCfg = Release|x64
		{4C019F33-8AB0-4AAD-8394-8708BA0DF8B3}.MinSizeRel|Any CPU.Build.0 = Release|x64
		{4C019F33-8AB0-4AAD-8394-8708BA0DF8B3}.MinSizeRel|x64.ActiveCfg = Release|x64
		{4C019F33-8AB0-4AAD-8394-8708BA0DF8B3}.MinSizeRel|x64.Build.0 = Release|x64
		{4C019F33-8AB0-4AAD-8394-8708BA0DF8B3}.MinSizeRel|x86.ActiveCfg = Release|Win32
		{4C019F33-8AB0-4AAD-8394-8708BA0DF8B3}.MinSizeRel|x86.Build.0 = Release|Win32
		{4C019F33-8AB0-4AAD-8394-8708BA0DF8B3}.Release|Any CPU.ActiveCfg = Release|Win32
		{4C019F33-8AB0-4AAD-8394-8708BA0DF8B3}.Release|x64.ActiveCfg = Release|x64
		{4C019F33-8AB0-4AAD-8394-8708BA0DF8B3}.Release|x64.Build.0 = Release|x64
		{4C019F33-8AB0-4AAD-8394-8708BA0DF8B3}.Release|x86.ActiveCfg = Release|Win32
		{4C019F33-8AB0-4AAD-8394-8708BA0DF8B3}.Release|x86.Build.0 = Release|Win32
		{4C019F33-8AB0-4AAD-8394-8708BA0DF8B3}.RelWithDebInfo|Any CPU.ActiveCfg = Release|x64
		{4C019F33-8AB0-4AAD-8394-8708BA0DF8B3}.RelWithDebInfo|Any CPU.Build.0 = Release|x64
		{4C019F33-8AB0-4AAD-8394-8708BA0DF8B3}.RelWithDebInfo|x64.ActiveCfg = Release|x64
		{4C019F33-8AB0-4AAD-8394-8708BA0DF8B3}.RelWithDebInfo|x64.Build.0 = Release|x64
		{4C019F33-8AB0-4AAD-8394-8708BA0DF8B3}.RelWithDebInfo|x86.ActiveCfg = Release|Win32
		{4C019F33-8AB0-4AAD-8394-8708BA0DF8B3}.RelWithDebInfo|x86.Build.0 = Release|Win32
		{A452E0B9-ECDE-4DD0-BCAC-CA38BBBDA48D}.Debug|Any CPU.ActiveCfg = Debug|Win32
		{A452E0B9-ECDE-4DD0-BCAC-CA38BBBDA48D}.Debug|x64.ActiveCfg = Debug|x64
		{A452E0B9-ECDE-4DD0-BCAC-CA38BBBDA48D}.Debug|x64.Build.0 = Debug|x64
		{A452E0B9-ECDE-4DD0-BCAC-CA38BBBDA48D}.Debug|x86.ActiveCfg = Debug|Win32
		{A452E0B9-ECDE-4DD0-BCAC-CA38BBBDA48D}.Debug|x86.Build.0 = Debug|Win32
		{A452E0B9-ECDE-4DD0-BCAC-CA38BBBDA48D}.MinSizeRel|Any CPU.ActiveCfg = Release|x64
		{A452E0B9-ECDE-4DD0-BCAC-CA38BBBDA48D}.MinSizeRel|Any CPU.Build.0 = Release|x64
		{A452E0B9-ECDE-4DD0-BCAC-CA38BBBDA48D}.MinSizeRel|x64.ActiveCfg = Release|x64
		{A452E0B9-ECDE-4DD0-BCAC-CA38BBBDA48D}.MinSizeRel|x64.Build.0 = Release|x64
		{A452E0B9-ECDE-4DD0-BCAC-CA38BBBDA48D}.MinSizeRel|x86.ActiveCfg = Release|Win32
		{A452E0B9-ECDE-4DD0-BCAC-CA38BBBDA48D}.MinSizeRel|x86.Build.0 = Release|Win32
		{A452E0B9-ECDE-4DD0-BCAC-CA38BBBDA48D}.Release|Any CPU.ActiveCfg = Release|Win32
		{A452E0B9-ECDE-4DD0-BCAC-CA38BBBDA48D}.Release|x64.ActiveCfg = Release|x64
		{A452E0B9-ECDE-4DD0-BCAC-CA38BBBDA48D}.Release|x64.Build.0 = Release|x64
		{A452E0B9-ECDE-4DD0-BCAC-CA38BBBDA48D}.Release|x86.ActiveCfg = Release|Win32
		{A452E0B9-ECDE-4DD0-BCAC-CA38BBBDA48D}.Release|x86.Build.0 = Release|Win32
		{A452E0B9-ECDE-4DD0-BCAC-CA38BBBDA48D}.RelWithDebInfo|Any CPU.ActiveCfg = Release|x64
		{A452E0B9-ECDE-4DD0-BCAC-CA38BBBDA48D}.RelWithDebInfo|Any CPU.Build.0 = Release|x64
		{A452E0B9-ECDE-4DD0-BCAC-CA38BBBDA48D}.RelWithDebInfo|x64.ActiveCfg = Release|x64
		{A452E0B9-ECDE-4DD0-BCAC-CA38BBBDA48D}.RelWithDebInfo|x64.Build.0 = Release|x64
		{A452E0B9-ECDE-4DD0-BCAC-CA38BBBDA48D}.RelWithDebInfo|x86.ActiveCfg = Release|Win32
		{A452E0B9-ECDE-4DD0-BCAC-CA38BBBDA48D}.RelWithDebInfo|x86.Build.0 = Release|Win32
		{8EB2D71F-BB1D-4BC9-86C0-78A1EE41F2A8}.Debug|Any CPU.ActiveCfg = Debug|Win32
		{8EB2D71F-BB1D-4BC9-86C0-78A1EE41F2A8}.Debug|x64.ActiveCfg = Debug|x64
		{8EB2D71F-BB1D-4BC9-86C0-78A1EE41F2A8}.Debug|x64.Build.0 = Debug|x64
		{8EB2D71F-BB1D-4BC9-86C0-78A1EE41F2A8}.Debug|x86.ActiveCfg = Debug|Win32
		{8EB2D71F-BB1D-4BC9-86C0-78A1EE41F2A8}.Debug|x86.Build.0 = Debug|Win32
		{8EB2D71F-BB1D-4BC9-86C0-78A1EE41F2A8}.MinSizeRel|Any CPU.ActiveCfg = Release|x64
		{8EB2D71F-BB1D-4BC9-86C0-78A1EE41F2A8}.MinSizeRel|Any CPU.Build.0 = Release|x64
		{8EB2D71F-BB1D-4BC9-86C0-78A1EE41F2A8}.MinSizeRel|x64.ActiveCfg = Release|x64
		{8EB2D71F-BB1D-4BC9-86C0-78A1EE41F2A8}.MinSizeRel|x64.Build.0 = Release|x64
		{8EB2D71F-BB1D-4BC9-86C0-78A1EE41F2A8}.MinSizeRel|x86.ActiveCfg = Release|Win32
		{8EB2D71F-BB1D-4BC9-86C0-78A1EE41F2A8}.MinSizeRel|x86.Build.0 = Release|Win32
		{8EB2D71F-BB1D-4BC9-86C0-78A1EE41F2A8}.Release|Any CPU.ActiveCfg = Release|Win32
		{8EB2D71F-BB1D-4BC9-86C0-78A1EE41F2A8}.Release|x64.ActiveCfg = Release|x64
		{8EB2D71F-BB1D-4BC9-86C0-78A1EE41F2A8}.Release|x64.Build.0 = Release|x64
		{8EB2D71F-BB1D-4BC9-86C0-78A1EE41F2A8}.Release|x86.ActiveCfg = Release|Win32
		{8EB2D71F-BB1D-4BC9-86C0-78A1EE41F2A8}.Release|x86.Build.0 = Release|Win32
		{8EB2D71F-BB1D-4BC9-86C0-78A1EE41F2A8}.RelWithDebInfo|Any CPU.ActiveCfg = Release|x64
		{8EB2D71F-BB1D-4BC9-86C0-78A1EE41F2A8}.RelWithDebInfo|Any CPU.Build.0 = Release|x64
		{8EB2D71F-BB1D-4BC9-86C0-78A1EE41F2A8}.RelWithDebInfo|x64.ActiveCfg = Release|x64
		{8EB2D71F-BB1D-4BC9-86C0-78A1EE41F2A8}.RelWithDebInfo|x64.Build.0 = Release|x64
		{8EB2D71F-BB1D-4BC9-86C0-78A1EE41F2A8}.RelWithDebInfo|x86.ActiveCfg = Release|Win32
		{8EB2D71F-BB1D-4BC9-86C0-78A1EE41F2A8}.RelWithDebInfo|x86.Build.0 = Release|Win32
		{71729E3F-15C1-4062-A294-46A4150D8AE1}.Debug|Any CPU.ActiveCfg = Debug|Win32
		{71729E3F-15C1-4062-A294-46A4150D8AE1}.Debug|x64.ActiveCfg = Debug|x64
		{71729E3F-15C1-4062-A294-46A4150D8AE1}.Debug|x64.Build.0 = Debug|x64
		{71729E3F-15C1-4062-A294-46A4150D8AE1}.Debug|x86.ActiveCfg = Debug|Win32
		{71729E3F-15C1-4062-A294-46A4150D8AE1}.Debug|x86.Build.0 = Debug|Win32
		{71729E3F-15C1-4062-A294-46A4150D8AE1}.MinSizeRel|Any CPU.ActiveCfg = Release|x64
		{71729E3F-15C1-4062-A294-46A4150D8AE1}.MinSizeRel|Any CPU.Build.0 = Release|x64
		{71729E3F-15C1-4062-A294-46A4150D8AE1}.MinSizeRel|x64.ActiveCfg = Release|x64
		{71729E3F-15C1-4062-A294-46A4150D8AE1}.MinSizeRel|x64.Build.0 = Release|x64
		{71729E3F-15C1-4062-A294-46A4150D8AE1}.MinSizeRel|x86.ActiveCfg = Release|Win32
		{71729E3F-15C1-4062-A294-46A4150D8AE1}.MinSizeRel|x86.Build.0 = Release|Win32
		{71729E3F-15C1-4062-A294-46A4150D8AE1}.Release|Any CPU.ActiveCfg = Release|Win32
		{71729E3F-15C1-4062-A294-46A4150D8AE1}.Release|x64.ActiveCfg = Release|x64
		{71729E3F-15C1-4062-A294-46A4150D8AE1}.Release|x64.Build.0 = Release|x64
		{71729E3F-15C1-4062-A294-46A4150D8AE1}.Release|x86.ActiveCfg = Release|Win32
		{71729E3F-15C1-4062-A294-46A4150D8AE1}.Release|x86.Build.0 = Release|Win32
		{71729E3F-15C1-4062-A294-46A4150D8AE1}.RelWithDebInfo|Any CPU.ActiveCfg = Release|x64
		{71729E3F-15C1-4062-A294-46A4150D8AE1}.RelWithDebInfo|Any CPU.Build.0 = Release|x64
		{71729E3F-15C1-4062-A294-46A4150D8AE1}.RelWithDebInfo|x64.ActiveCfg = Release|x64
		{71729E3F-15C1-4062-A294-46A4150D8AE1}.RelWithDebInfo|x64.Build.0 = Release|x64
		{71729E3F-15C1-4062-A294-46A4150D8AE1}.RelWithDebInfo|x86.ActiveCfg = Release|Win32
		{71729E3F-15C1-4062-A294-46A4150D8AE1}.RelWithDebInfo|x86.Build.0 = Release|Win32
		{215C78AE-CE37-3921-97A6-EC3FA12D82A0}.Debug|Any CPU.ActiveCfg = Debug|x64
		{215C78AE-CE37-3921-97A6-EC3FA12D82A0}.Debug|x64.ActiveCfg = Debug|x64
		{215C78AE-CE37-3921-97A6-EC3FA12D82A0}.Debug|x64.Build.0 = Debug|x64
		{215C78AE-CE37-3921-97A6-EC3FA12D82A0}.Debug|x86.ActiveCfg = Debug|x64
		{215C78AE-CE37-3921-97A6-EC3FA12D82A0}.MinSizeRel|Any CPU.ActiveCfg = MinSizeRel|x64
		{215C78AE-CE37-3921-97A6-EC3FA12D82A0}.MinSizeRel|x64.ActiveCfg = MinSizeRel|x64
		{215C78AE-CE37-3921-97A6-EC3FA12D82A0}.MinSizeRel|x64.Build.0 = MinSizeRel|x64
		{215C78AE-CE37-3921-97A6-EC3FA12D82A0}.MinSizeRel|x86.ActiveCfg = MinSizeRel|x64
		{215C78AE-CE37-3921-97A6-EC3FA12D82A0}.Release|Any CPU.ActiveCfg = Release|x64
		{215C78AE-CE37-3921-97A6-EC3FA12D82A0}.Release|x64.ActiveCfg = Release|x64
		{215C78AE-CE37-3921-97A6-EC3FA12D82A0}.Release|x64.Build.0 = Release|x64
		{215C78AE-CE37-3921-97A6-EC3FA12D82A0}.Release|x86.ActiveCfg = Release|x64
		{215C78AE-CE37-3921-97A6-EC3FA12D82A0}.RelWithDebInfo|Any CPU.ActiveCfg = RelWithDebInfo|x64
		{215C78AE-CE37-3921-97A6-EC3FA12D82A0}.RelWithDebInfo|x64.ActiveCfg = RelWithDebInfo|x64
		{215C78AE-CE37-3921-97A6-EC3FA12D82A0}.RelWithDebInfo|x64.Build.0 = RelWithDebInfo|x64
		{215C78AE-CE37-3921-97A6-EC3FA12D82A0}.RelWithDebInfo|x86.ActiveCfg = RelWithDebInfo|x64
	EndGlobalSection
	GlobalSection(SolutionProperties) = preSolution
		HideSolutionNode = FALSE
	EndGlobalSection
	GlobalSection(NestedProjects) = preSolution
		{260DA4A9-0200-4CEC-941B-48A34BFF78EE} = {DB9D5192-53B5-4D06-A113-C80E46913A2C}
		{B45000FF-F17A-4F1C-89E5-14C513B20DC9} = {C1428ED5-49B0-402B-B2A7-33AB7272EEC0}
		{66CB04CD-F4CE-4BD7-8EE7-00F308CD6AF4} = {DDBF13D1-7934-4050-BA3D-A99D67242BBB}
		{D30238DF-7A30-4DD7-A09A-9D51C4004544} = {B04C6B84-AC4A-4AD2-8792-58D3D23B4B2B}
		{2AF47B0A-2F8F-4BD5-9CEE-DD6956B52551} = {DB9D5192-53B5-4D06-A113-C80E46913A2C}
		{9BBA37AC-C9C2-4D21-B411-4F8A0448CDBA} = {FF4D9D0C-B0DE-4D3D-B33E-F467D78004CA}
		{CA91658C-4A6E-42CF-A3DD-A3AD542F6C3D} = {FF4D9D0C-B0DE-4D3D-B33E-F467D78004CA}
		{92DAAB6D-0E3C-41CD-9923-8C9D6398A54F} = {09730B86-8C02-48EE-968F-3D828BCFCC89}
		{AC14361E-F8E0-4DA8-8B05-336CCDC29421} = {09730B86-8C02-48EE-968F-3D828BCFCC89}
		{E123A260-4502-4E32-B2D9-8AE384E1541E} = {09730B86-8C02-48EE-968F-3D828BCFCC89}
		{EE7C187A-C32C-4569-B920-EC4FD1BFBE11} = {09730B86-8C02-48EE-968F-3D828BCFCC89}
		{9B5B477B-13D7-41E2-A77A-7EA40F5F1C3F} = {09730B86-8C02-48EE-968F-3D828BCFCC89}
		{988EDCF9-6E17-4DC9-8915-6E4D1594C318} = {09730B86-8C02-48EE-968F-3D828BCFCC89}
		{F5CCE21F-C2A6-4DBF-880B-065CFEB9AA87} = {09730B86-8C02-48EE-968F-3D828BCFCC89}
		{731B0506-78DF-4EC0-9BAB-D0170B2E3042} = {09730B86-8C02-48EE-968F-3D828BCFCC89}
		{4A613268-18A8-491F-B2CC-7E5253AC0BFB} = {09730B86-8C02-48EE-968F-3D828BCFCC89}
		{0851AF88-D080-4BCC-BFFB-C9EAC91CDACF} = {09730B86-8C02-48EE-968F-3D828BCFCC89}
		{B61182E7-743E-4B1C-BFDD-D0E807E85CD5} = {09730B86-8C02-48EE-968F-3D828BCFCC89}
		{DDBF13D1-7934-4050-BA3D-A99D67242BBB} = {F8347FC1-598C-4DCC-93AB-4F1A7D320DED}
		{B04C6B84-AC4A-4AD2-8792-58D3D23B4B2B} = {F8347FC1-598C-4DCC-93AB-4F1A7D320DED}
		{B875CB74-9284-468F-9863-44F7D984B4ED} = {F8347FC1-598C-4DCC-93AB-4F1A7D320DED}
		{F0F22B99-BAA0-4AF5-8482-03F75A3269F9} = {F8347FC1-598C-4DCC-93AB-4F1A7D320DED}
		{AD34B4F6-CB1F-479B-86BD-E5AE225DF294} = {F8347FC1-598C-4DCC-93AB-4F1A7D320DED}
		{2DF96DB5-9036-4DC2-A5AB-FC4175E86F6B} = {F8347FC1-598C-4DCC-93AB-4F1A7D320DED}
		{05037D62-7AEA-441D-8A39-C45D4759C21D} = {F8347FC1-598C-4DCC-93AB-4F1A7D320DED}
		{E0B16BFA-D6A6-4599-803F-87B80B92F18A} = {F0F22B99-BAA0-4AF5-8482-03F75A3269F9}
		{587EE80D-F802-4547-AABE-320521050FBF} = {F0F22B99-BAA0-4AF5-8482-03F75A3269F9}
		{C1C45FC5-6676-4F1D-ACF6-B56015F2F286} = {05037D62-7AEA-441D-8A39-C45D4759C21D}
		{D53932BD-72D3-44BF-8D54-8EC02D6C3BC2} = {AD34B4F6-CB1F-479B-86BD-E5AE225DF294}
		{B2428232-2A38-457F-9C61-06E9EBB01D1F} = {2DF96DB5-9036-4DC2-A5AB-FC4175E86F6B}
		{4C019F33-8AB0-4AAD-8394-8708BA0DF8B3} = {B875CB74-9284-468F-9863-44F7D984B4ED}
		{A452E0B9-ECDE-4DD0-BCAC-CA38BBBDA48D} = {B875CB74-9284-468F-9863-44F7D984B4ED}
		{8EB2D71F-BB1D-4BC9-86C0-78A1EE41F2A8} = {DB9D5192-53B5-4D06-A113-C80E46913A2C}
		{71729E3F-15C1-4062-A294-46A4150D8AE1} = {09730B86-8C02-48EE-968F-3D828BCFCC89}
		{215C78AE-CE37-3921-97A6-EC3FA12D82A0} = {C1428ED5-49B0-402B-B2A7-33AB7272EEC0}
	EndGlobalSection
	GlobalSection(ExtensibilityGlobals) = postSolution
		SolutionGuid = {467E2710-F87C-4D12-877D-363FFAF6E4FE}
	EndGlobalSection
EndGlobal
