<?xml version="1.0" encoding="utf-8"?>
<Project ToolsVersion="4.0" xmlns="http://schemas.microsoft.com/developer/msbuild/2003">
  <ItemGroup>
    <Filter Include="资源文件">
      <UniqueIdentifier>{67DA6AB6-F800-4c08-8B7A-83BB121AAD01}</UniqueIdentifier>
      <Extensions>rc;ico;cur;bmp;dlg;rc2;rct;bin;rgs;gif;jpg;jpeg;jpe;resx;tiff;tif;png;wav;mfcribbon-ms</Extensions>
    </Filter>
    <Filter Include="src">
      <UniqueIdentifier>{4FC737F1-C7A5-4376-A066-2A32D752A2FF}</UniqueIdentifier>
      <Extensions>cpp;c;cc;cxx;def;odl;idl;hpj;bat;asm;asmx</Extensions>
    </Filter>
    <Filter Include="header">
      <UniqueIdentifier>{93995380-89BD-4b04-88EB-625FBE52EBFB}</UniqueIdentifier>
      <Extensions>h;hh;hpp;hxx;hm;inl;inc;ipp;xsd</Extensions>
    </Filter>
    <Filter Include="client">
      <UniqueIdentifier>{bdb4dac9-3f6d-4543-ba9f-15a89a2d3f0a}</UniqueIdentifier>
    </Filter>
    <Filter Include="server">
      <UniqueIdentifier>{5b9c6926-f8cf-412e-a69c-9979e217a1e2}</UniqueIdentifier>
    </Filter>
  </ItemGroup>
  <ItemGroup>
    <Text Include="CMakeLists.txt" />
  </ItemGroup>
  <ItemGroup>
    <ClInclude Include="http_lib.h">
      <Filter>header</Filter>
    </ClInclude>
    <ClInclude Include="httpserver_module.h">
      <Filter>header</Filter>
    </ClInclude>
    <ClInclude Include="httpclient_module.h">
      <Filter>header</Filter>
    </ClInclude>
    <ClInclude Include="client\async_session.hpp">
      <Filter>client</Filter>
    </ClInclude>
    <ClInclude Include="client\sync_session.hpp">
      <Filter>client</Filter>
    </ClInclude>
    <ClInclude Include="client\coro_session.hpp">
      <Filter>client</Filter>
    </ClInclude>
    <ClInclude Include="server\asio_fwd.hpp">
      <Filter>server</Filter>
    </ClInclude>
    <ClInclude Include="server\client_http.hpp">
      <Filter>server</Filter>
    </ClInclude>
    <ClInclude Include="server\client_session.hpp">
      <Filter>server</Filter>
    </ClInclude>
    <ClInclude Include="server\connection.hpp">
      <Filter>server</Filter>
    </ClInclude>
    <ClInclude Include="server\io_service_pool.hpp">
      <Filter>server</Filter>
    </ClInclude>
    <ClInclude Include="server\itoa.hpp">
      <Filter>server</Filter>
    </ClInclude>
    <ClInclude Include="server\multipart_parser.hpp">
      <Filter>server</Filter>
    </ClInclude>
    <ClInclude Include="server\multipart_reader.hpp">
      <Filter>server</Filter>
    </ClInclude>
    <ClInclude Include="server\nlohmann_json.hpp">
      <Filter>server</Filter>
    </ClInclude>
    <ClInclude Include="server\picohttpparser.h">
      <Filter>server</Filter>
    </ClInclude>
    <ClInclude Include="server\request.hpp">
      <Filter>server</Filter>
    </ClInclude>
    <ClInclude Include="server\response.hpp">
      <Filter>server</Filter>
    </ClInclude>
    <ClInclude Include="server\response_cv.hpp">
      <Filter>server</Filter>
    </ClInclude>
    <ClInclude Include="server\server.hpp">
      <Filter>server</Filter>
    </ClInclude>
    <ClInclude Include="server\utils.hpp">
      <Filter>server</Filter>
    </ClInclude>
  </ItemGroup>
  <ItemGroup>
    <ClCompile Include="main.cpp">
      <Filter>src</Filter>
    </ClCompile>
    <ClCompile Include="http_lib.cpp">
      <Filter>src</Filter>
    </ClCompile>
    <ClCompile Include="httpserver_module.cpp">
      <Filter>src</Filter>
    </ClCompile>
    <ClCompile Include="httpclient_module.cpp">
      <Filter>src</Filter>
    </ClCompile>
    <ClCompile Include="client\async_session_ssl.hpp">
      <Filter>client</Filter>
    </ClCompile>
    <ClCompile Include="client\coro_session_ssl.hpp">
      <Filter>client</Filter>
    </ClCompile>
    <ClCompile Include="client\sync_session_ssl.hpp">
      <Filter>client</Filter>
    </ClCompile>
  </ItemGroup>
</Project>