<?xml version="1.0" encoding="utf-8"?>
<Project ToolsVersion="4.0" xmlns="http://schemas.microsoft.com/developer/msbuild/2003">
  <ItemGroup>
    <Text Include="CMakeLists.txt" />
  </ItemGroup>
  <ItemGroup>
    <Filter Include="account_mgr_module">
      <UniqueIdentifier>{c9d3a77e-0118-4c38-bb42-85434d2d80b8}</UniqueIdentifier>
    </Filter>
    <Filter Include="addons_module">
      <UniqueIdentifier>{2afa5532-4625-4ea3-838d-84c42058b91b}</UniqueIdentifier>
    </Filter>
    <Filter Include="dbc_stores">
      <UniqueIdentifier>{2a36d561-7270-4822-810e-a0ba814d12ea}</UniqueIdentifier>
    </Filter>
    <Filter Include="common">
      <UniqueIdentifier>{59c83708-6807-4d88-ada5-023b712ca14c}</UniqueIdentifier>
    </Filter>
    <Filter Include="entities">
      <UniqueIdentifier>{4867e740-43b3-4386-b009-6b0073e04862}</UniqueIdentifier>
    </Filter>
    <Filter Include="entities\object">
      <UniqueIdentifier>{ae47096d-56b1-4b3c-936d-c91623336887}</UniqueIdentifier>
    </Filter>
    <Filter Include="entities\player">
      <UniqueIdentifier>{e2793fdf-389c-4566-8348-b0306cce63b5}</UniqueIdentifier>
    </Filter>
    <Filter Include="server">
      <UniqueIdentifier>{32f273c3-06ec-4d68-a308-1c984b3aef7c}</UniqueIdentifier>
    </Filter>
    <Filter Include="entities\item">
      <UniqueIdentifier>{5ee76b40-e226-4820-a4e6-0d2dc95b61e0}</UniqueIdentifier>
    </Filter>
  </ItemGroup>
  <ItemGroup>
    <ClCompile Include="game_logic_lib.cpp" />
    <ClCompile Include="addons_module\addons_module.cpp">
      <Filter>addons_module</Filter>
    </ClCompile>
    <ClCompile Include="game_logic_module.cpp" />
    <ClCompile Include="dbc_stores\dbc_stores.cpp">
      <Filter>dbc_stores</Filter>
    </ClCompile>
    <ClCompile Include="dbc_stores\dbc_db_loader.cpp">
      <Filter>dbc_stores</Filter>
    </ClCompile>
    <ClCompile Include="dbc_stores\dbc_store.cpp">
      <Filter>dbc_stores</Filter>
    </ClCompile>
    <ClCompile Include="dbc_stores\dbc_fileloader.cpp">
      <Filter>dbc_stores</Filter>
    </ClCompile>
    <ClCompile Include="dbc_stores\dbc_module.cpp">
      <Filter>dbc_stores</Filter>
    </ClCompile>
    <ClCompile Include="entities\player\player.cpp">
      <Filter>entities\player</Filter>
    </ClCompile>
    <ClCompile Include="entities\object\object.cpp">
      <Filter>entities\object</Filter>
    </ClCompile>
    <ClCompile Include="entities\object\object_guid.cpp">
      <Filter>entities\object</Filter>
    </ClCompile>
    <ClCompile Include="server\opcodes.cpp">
      <Filter>server</Filter>
    </ClCompile>
    <ClCompile Include="server\packet.cpp">
      <Filter>server</Filter>
    </ClCompile>
    <ClCompile Include="server\world_session.cpp">
      <Filter>server</Filter>
    </ClCompile>
    <ClCompile Include="common\game_time.cpp">
      <Filter>common</Filter>
    </ClCompile>
    <ClCompile Include="entities\player\player_mgr_module.cpp">
      <Filter>entities\player</Filter>
    </ClCompile>
    <ClCompile Include="entities\object\object_mgr_module.cpp">
      <Filter>entities\object</Filter>
    </ClCompile>
  </ItemGroup>
  <ItemGroup>
    <ClInclude Include="game_logic_lib.h" />
    <ClInclude Include="addons_module\addons_module.h">
      <Filter>addons_module</Filter>
    </ClInclude>
    <ClInclude Include="game_logic_module.h" />
    <ClInclude Include="dbc_stores\dbc_stores.h">
      <Filter>dbc_stores</Filter>
    </ClInclude>
    <ClInclude Include="dbc_stores\dbc_db_loader.h">
      <Filter>dbc_stores</Filter>
    </ClInclude>
    <ClInclude Include="dbc_stores\dbc_enums.h">
      <Filter>dbc_stores</Filter>
    </ClInclude>
    <ClInclude Include="dbc_stores\dbc_fmt.h">
      <Filter>dbc_stores</Filter>
    </ClInclude>
    <ClInclude Include="dbc_stores\dbc_storage_iterator.h">
      <Filter>dbc_stores</Filter>
    </ClInclude>
    <ClInclude Include="dbc_stores\dbc_store.h">
      <Filter>dbc_stores</Filter>
    </ClInclude>
    <ClInclude Include="dbc_stores\dbc_structure.h">
      <Filter>dbc_stores</Filter>
    </ClInclude>
    <ClInclude Include="dbc_stores\dbc_fileloader.h">
      <Filter>dbc_stores</Filter>
    </ClInclude>
    <ClInclude Include="dbc_stores\dbc_module.h">
      <Filter>dbc_stores</Filter>
    </ClInclude>
    <ClInclude Include="entities\player\player.h">
      <Filter>entities\player</Filter>
    </ClInclude>
    <ClInclude Include="entities\object\object.h">
      <Filter>entities\object</Filter>
    </ClInclude>
    <ClInclude Include="entities\object\object_defines.h">
      <Filter>entities\object</Filter>
    </ClInclude>
    <ClInclude Include="entities\object\object_guid.h">
      <Filter>entities\object</Filter>
    </ClInclude>
    <ClInclude Include="server\opcodes.h">
      <Filter>server</Filter>
    </ClInclude>
    <ClInclude Include="server\packet.h">
      <Filter>server</Filter>
    </ClInclude>
    <ClInclude Include="server\world_packet.h">
      <Filter>server</Filter>
    </ClInclude>
    <ClInclude Include="server\world_session.h">
      <Filter>server</Filter>
    </ClInclude>
    <ClInclude Include="common\game_time.h">
      <Filter>common</Filter>
    </ClInclude>
    <ClInclude Include="common\timer.h">
      <Filter>common</Filter>
    </ClInclude>
    <ClInclude Include="common\smart_enum.h">
      <Filter>common</Filter>
    </ClInclude>
    <ClInclude Include="common\iterator_pair.h">
      <Filter>common</Filter>
    </ClInclude>
    <ClInclude Include="server\byte_buffer.hpp">
      <Filter>server</Filter>
    </ClInclude>
    <ClInclude Include="entities\player\player_mgr_module.h">
      <Filter>entities\player</Filter>
    </ClInclude>
    <ClInclude Include="entities\object\object_mgr_module.h">
      <Filter>entities\object</Filter>
    </ClInclude>
    <ClInclude Include="entities\item\item_template.h">
      <Filter>entities\item</Filter>
    </ClInclude>
    <ClInclude Include="common\common_defines.h">
      <Filter>common</Filter>
    </ClInclude>
  </ItemGroup>
</Project>