<?xml version="1.0" encoding="utf-8"?>
<Project ToolsVersion="4.0" xmlns="http://schemas.microsoft.com/developer/msbuild/2003">
  <ItemGroup>
    <ClCompile Include="event_module.cpp">
      <Filter>src</Filter>
    </ClCompile>
    <ClCompile Include="kernel_module.cpp">
      <Filter>src</Filter>
    </ClCompile>
    <ClCompile Include="kernel.cpp">
      <Filter>src</Filter>
    </ClCompile>
    <ClCompile Include="timer_module.cpp">
      <Filter>src</Filter>
    </ClCompile>
    <ClCompile Include="class_module.cpp">
      <Filter>src</Filter>
    </ClCompile>
    <ClCompile Include="config_module.cpp">
      <Filter>src</Filter>
    </ClCompile>
  </ItemGroup>
  <ItemGroup>
    <Text Include="CMakeLists.txt" />
  </ItemGroup>
  <ItemGroup>
    <Filter Include="header">
      <UniqueIdentifier>{87f7d06b-6b8f-4783-a248-a31b158f40c5}</UniqueIdentifier>
    </Filter>
    <Filter Include="src">
      <UniqueIdentifier>{f9b7b51a-5a80-47ae-a553-34ec441b3716}</UniqueIdentifier>
    </Filter>
  </ItemGroup>
  <ItemGroup>
    <ClInclude Include="event_module.h">
      <Filter>header</Filter>
    </ClInclude>
    <ClInclude Include="kernel_module.h">
      <Filter>header</Filter>
    </ClInclude>
    <ClInclude Include="kernel.h">
      <Filter>header</Filter>
    </ClInclude>
    <ClInclude Include="timer_module.h">
      <Filter>header</Filter>
    </ClInclude>
    <ClInclude Include="class_module.h">
      <Filter>header</Filter>
    </ClInclude>
    <ClInclude Include="config_module.h">
      <Filter>header</Filter>
    </ClInclude>
  </ItemGroup>
</Project>