<?xml version="1.0" encoding="utf-8"?>
<Project ToolsVersion="4.0" xmlns="http://schemas.microsoft.com/developer/msbuild/2003">
  <ItemGroup>
    <Filter Include="资源文件">
      <UniqueIdentifier>{67DA6AB6-F800-4c08-8B7A-83BB121AAD01}</UniqueIdentifier>
      <Extensions>rc;ico;cur;bmp;dlg;rc2;rct;bin;rgs;gif;jpg;jpeg;jpe;resx;tiff;tif;png;wav;mfcribbon-ms</Extensions>
    </Filter>
    <Filter Include="header">
      <UniqueIdentifier>{7aa116ed-82c5-4657-adcc-662036ca308a}</UniqueIdentifier>
    </Filter>
    <Filter Include="src">
      <UniqueIdentifier>{52559288-1962-41d2-b9a0-bdcc6c28d4db}</UniqueIdentifier>
    </Filter>
  </ItemGroup>
  <ItemGroup>
    <Text Include="CMakeLists.txt" />
  </ItemGroup>
  <ItemGroup>
    <ClCompile Include="log_module.cpp">
      <Filter>src</Filter>
    </ClCompile>
    <ClCompile Include="loglib.cpp">
      <Filter>src</Filter>
    </ClCompile>
    <ClCompile Include="easylogging++.cc">
      <Filter>src</Filter>
    </ClCompile>
  </ItemGroup>
  <ItemGroup>
    <ClInclude Include="log_module.h">
      <Filter>header</Filter>
    </ClInclude>
    <ClInclude Include="termcolor.hpp">
      <Filter>header</Filter>
    </ClInclude>
    <ClInclude Include="loglib.h">
      <Filter>header</Filter>
    </ClInclude>
    <ClInclude Include="easylogging++.h">
      <Filter>header</Filter>
    </ClInclude>
  </ItemGroup>
</Project>