<?xml version="1.0" encoding="utf-8"?>
<Project ToolsVersion="4.0" xmlns="http://schemas.microsoft.com/developer/msbuild/2003">
  <ItemGroup>
    <Filter Include="base">
      <UniqueIdentifier>{806c72a1-4992-4872-ac7c-93666dc5d3d5}</UniqueIdentifier>
    </Filter>
    <Filter Include="logic">
      <UniqueIdentifier>{dfe9f02c-c588-48d7-abcf-6fc4deac91f7}</UniqueIdentifier>
    </Filter>
  </ItemGroup>
  <ItemGroup>
    <ClInclude Include="base\IClassModule.h">
      <Filter>base</Filter>
    </ClInclude>
    <ClInclude Include="base\ICommonConfigModule.h">
      <Filter>base</Filter>
    </ClInclude>
    <ClInclude Include="base\IConsoleCommandModule.h">
      <Filter>base</Filter>
    </ClInclude>
    <ClInclude Include="base\ICoroutineModule.h">
      <Filter>base</Filter>
    </ClInclude>
    <ClInclude Include="base\IDataAgentModule.h">
      <Filter>base</Filter>
    </ClInclude>
    <ClInclude Include="base\IEventModule.h">
      <Filter>base</Filter>
    </ClInclude>
    <ClInclude Include="base\IGameCSModule.h">
      <Filter>base</Filter>
    </ClInclude>
    <ClInclude Include="base\IGameServerModule.h">
      <Filter>base</Filter>
    </ClInclude>
    <ClInclude Include="base\IGameSSModule.h">
      <Filter>base</Filter>
    </ClInclude>
    <ClInclude Include="base\IGameToWorldModule.h">
      <Filter>base</Filter>
    </ClInclude>
    <ClInclude Include="base\IGateServerModule.h">
      <Filter>base</Filter>
    </ClInclude>
    <ClInclude Include="base\IHttpClientModule.h">
      <Filter>base</Filter>
    </ClInclude>
    <ClInclude Include="base\IHttpServerModule.h">
      <Filter>base</Filter>
    </ClInclude>
    <ClInclude Include="base\IKernelModule.h">
      <Filter>base</Filter>
    </ClInclude>
    <ClInclude Include="base\ILib.h">
      <Filter>base</Filter>
    </ClInclude>
    <ClInclude Include="base\ILibManager.h">
      <Filter>base</Filter>
    </ClInclude>
    <ClInclude Include="base\ILoginCSModule.h">
      <Filter>base</Filter>
    </ClInclude>
    <ClInclude Include="base\ILoginServerModule.h">
      <Filter>base</Filter>
    </ClInclude>
    <ClInclude Include="base\ILoginToWorldModule.h">
      <Filter>base</Filter>
    </ClInclude>
    <ClInclude Include="base\ILogModule.h">
      <Filter>base</Filter>
    </ClInclude>
    <ClInclude Include="base\ILogServerModule.h">
      <Filter>base</Filter>
    </ClInclude>
    <ClInclude Include="base\ILuaScriptModule.h">
      <Filter>base</Filter>
    </ClInclude>
    <ClInclude Include="base\IMasterServerModule.h">
      <Filter>base</Filter>
    </ClInclude>
    <ClInclude Include="base\IMessageDispatcherModule.h">
      <Filter>base</Filter>
    </ClInclude>
    <ClInclude Include="base\IModule.h">
      <Filter>base</Filter>
    </ClInclude>
    <ClInclude Include="base\IProtoJsonModule.h">
      <Filter>base</Filter>
    </ClInclude>
    <ClInclude Include="base\IRedislModule.h">
      <Filter>base</Filter>
    </ClInclude>
    <ClInclude Include="base\IServerComm.h">
      <Filter>base</Filter>
    </ClInclude>
    <ClInclude Include="base\ITestServerModule.h">
      <Filter>base</Filter>
    </ClInclude>
    <ClInclude Include="base\ITimerModule.h">
      <Filter>base</Filter>
    </ClInclude>
    <ClInclude Include="base\IWorldSSModule.h">
      <Filter>base</Filter>
    </ClInclude>
    <ClInclude Include="base\platform.h">
      <Filter>base</Filter>
    </ClInclude>
    <ClInclude Include="base\singleton.hpp">
      <Filter>base</Filter>
    </ClInclude>
    <ClInclude Include="base\uuid.h">
      <Filter>base</Filter>
    </ClInclude>
    <ClInclude Include="logic\IAddonsModule.h">
      <Filter>logic</Filter>
    </ClInclude>
    <ClInclude Include="logic\IGameLogicModule.h">
      <Filter>logic</Filter>
    </ClInclude>
    <ClInclude Include="logic\IDBCModule.h">
      <Filter>logic</Filter>
    </ClInclude>
    <ClInclude Include="logic\IObjectMgrModule.h">
      <Filter>logic</Filter>
    </ClInclude>
    <ClInclude Include="logic\IPlayerMgrModule.h">
      <Filter>logic</Filter>
    </ClInclude>
    <ClInclude Include="logic\IObjectGuid.h">
      <Filter>logic</Filter>
    </ClInclude>
  </ItemGroup>
</Project>